
Microsoft Visual Studio Solution File, Format Version 11.00
# Visual Studio 2010
Project("{FAE04EC0-301F-11D3-BF4B-00C04F79EFBC}") = "Obfuscator.Renaming", "Obfuscator.Renaming\Obfuscator.Renaming\Obfuscator.Renaming.csproj", "{CB8EE040-0CCE-4863-84C8-FBF63170CAD8}"
EndProject
Project("{FAE04EC0-301F-11D3-BF4B-00C04F79EFBC}") = "Obfuscator.Utils", "Obfuscator.Utils\Obfuscator.Utils.csproj", "{E10298D8-872D-47EB-BEFC-9FD00E78A296}"
EndProject
Project("{FAE04EC0-301F-11D3-BF4B-00C04F79EFBC}") = "Mono.Cecil", "ThirdParty\Cecil 1\Mono.Cecil.csproj", "{D68133BD-1E63-496E-9EDE-4FBDBF77B486}"
EndProject
Project("{2150E333-8FDC-42A3-9474-1A3956D46DE8}") = "ThirdParty", "ThirdParty", "{AD80AD5B-8AFE-45AF-889E-9F21BC759565}"
EndProject
Project("{FAE04EC0-301F-11D3-BF4B-00C04F79EFBC}") = "Mono.Cecil.Rocks", "ThirdParty\Cecil 1\rocks\Mono.Cecil.Rocks.csproj", "{FBC6DD59-D09D-499C-B03C-99C1C78FF2AC}"
EndProject
Project("{2150E333-8FDC-42A3-9474-1A3956D46DE8}") = "OtherProjects", "OtherProjects", "{9C96DBD9-389F-4438-821A-CB145F1B5A9C}"
EndProject
Project("{FAE04EC0-301F-11D3-BF4B-00C04F79EFBC}") = "Obfuscar", "OtherProjects\Obfuscar\Obfuscar.csproj", "{F28CDDFF-5A7A-413E-809E-15FFB8766E86}"
EndProject
Project("{FAE04EC0-301F-11D3-BF4B-00C04F79EFBC}") = "Mono.Linker", "OtherProjects\linker\Mono.Linker.csproj", "{DD28E2B1-057B-4B4D-A04D-B2EBD9E76E46}"
EndProject
Project("{FAE04EC0-301F-11D3-BF4B-00C04F79EFBC}") = "Obfuscator.Renaming.Test", "Obfuscator.Renaming\Obfuscator.Renaming.Test\Obfuscator.Renaming.Test.csproj", "{CA415EE7-B9C6-4562-931B-2056F7FA3510}"
EndProject
Project("{FAE04EC0-301F-11D3-BF4B-00C04F79EFBC}") = "Obfuscator.Common", "Obfuscator.Common\Obfuscator.Common.csproj", "{F2BF29A6-49B2-422A-9005-638E61F0AA97}"
EndProject
Global
	GlobalSection(SolutionConfigurationPlatforms) = preSolution
		Debug|Any CPU = Debug|Any CPU
		net_2_0_Debug|Any CPU = net_2_0_Debug|Any CPU
		net_2_0_Release|Any CPU = net_2_0_Release|Any CPU
		net_3_5_Debug|Any CPU = net_3_5_Debug|Any CPU
		net_3_5_Release|Any CPU = net_3_5_Release|Any CPU
		net_4_0_Debug|Any CPU = net_4_0_Debug|Any CPU
		net_4_0_Release|Any CPU = net_4_0_Release|Any CPU
		Release|Any CPU = Release|Any CPU
		silverlight_Debug|Any CPU = silverlight_Debug|Any CPU
		silverlight_Release|Any CPU = silverlight_Release|Any CPU
		winphone_Debug|Any CPU = winphone_Debug|Any CPU
		winphone_Release|Any CPU = winphone_Release|Any CPU
	EndGlobalSection
	GlobalSection(ProjectConfigurationPlatforms) = postSolution
		{CB8EE040-0CCE-4863-84C8-FBF63170CAD8}.Debug|Any CPU.ActiveCfg = Debug|Any CPU
		{CB8EE040-0CCE-4863-84C8-FBF63170CAD8}.Debug|Any CPU.Build.0 = Debug|Any CPU
		{CB8EE040-0CCE-4863-84C8-FBF63170CAD8}.net_2_0_Debug|Any CPU.ActiveCfg = Debug|Any CPU
		{CB8EE040-0CCE-4863-84C8-FBF63170CAD8}.net_2_0_Debug|Any CPU.Build.0 = Debug|Any CPU
		{CB8EE040-0CCE-4863-84C8-FBF63170CAD8}.net_2_0_Release|Any CPU.ActiveCfg = Release|Any CPU
		{CB8EE040-0CCE-4863-84C8-FBF63170CAD8}.net_2_0_Release|Any CPU.Build.0 = Release|Any CPU
		{CB8EE040-0CCE-4863-84C8-FBF63170CAD8}.net_3_5_Debug|Any CPU.ActiveCfg = Debug|Any CPU
		{CB8EE040-0CCE-4863-84C8-FBF63170CAD8}.net_3_5_Debug|Any CPU.Build.0 = Debug|Any CPU
		{CB8EE040-0CCE-4863-84C8-FBF63170CAD8}.net_3_5_Release|Any CPU.ActiveCfg = Release|Any CPU
		{CB8EE040-0CCE-4863-84C8-FBF63170CAD8}.net_3_5_Release|Any CPU.Build.0 = Release|Any CPU
		{CB8EE040-0CCE-4863-84C8-FBF63170CAD8}.net_4_0_Debug|Any CPU.ActiveCfg = Debug|Any CPU
		{CB8EE040-0CCE-4863-84C8-FBF63170CAD8}.net_4_0_Debug|Any CPU.Build.0 = Debug|Any CPU
		{CB8EE040-0CCE-4863-84C8-FBF63170CAD8}.net_4_0_Release|Any CPU.ActiveCfg = Release|Any CPU
		{CB8EE040-0CCE-4863-84C8-FBF63170CAD8}.net_4_0_Release|Any CPU.Build.0 = Release|Any CPU
		{CB8EE040-0CCE-4863-84C8-FBF63170CAD8}.Release|Any CPU.ActiveCfg = Release|Any CPU
		{CB8EE040-0CCE-4863-84C8-FBF63170CAD8}.Release|Any CPU.Build.0 = Release|Any CPU
		{CB8EE040-0CCE-4863-84C8-FBF63170CAD8}.silverlight_Debug|Any CPU.ActiveCfg = Debug|Any CPU
		{CB8EE040-0CCE-4863-84C8-FBF63170CAD8}.silverlight_Debug|Any CPU.Build.0 = Debug|Any CPU
		{CB8EE040-0CCE-4863-84C8-FBF63170CAD8}.silverlight_Release|Any CPU.ActiveCfg = Release|Any CPU
		{CB8EE040-0CCE-4863-84C8-FBF63170CAD8}.silverlight_Release|Any CPU.Build.0 = Release|Any CPU
		{CB8EE040-0CCE-4863-84C8-FBF63170CAD8}.winphone_Debug|Any CPU.ActiveCfg = Debug|Any CPU
		{CB8EE040-0CCE-4863-84C8-FBF63170CAD8}.winphone_Debug|Any CPU.Build.0 = Debug|Any CPU
		{CB8EE040-0CCE-4863-84C8-FBF63170CAD8}.winphone_Release|Any CPU.ActiveCfg = Release|Any CPU
		{CB8EE040-0CCE-4863-84C8-FBF63170CAD8}.winphone_Release|Any CPU.Build.0 = Release|Any CPU
		{E10298D8-872D-47EB-BEFC-9FD00E78A296}.Debug|Any CPU.ActiveCfg = Debug|Any CPU
		{E10298D8-872D-47EB-BEFC-9FD00E78A296}.Debug|Any CPU.Build.0 = Debug|Any CPU
		{E10298D8-872D-47EB-BEFC-9FD00E78A296}.net_2_0_Debug|Any CPU.ActiveCfg = Debug|Any CPU
		{E10298D8-872D-47EB-BEFC-9FD00E78A296}.net_2_0_Debug|Any CPU.Build.0 = Debug|Any CPU
		{E10298D8-872D-47EB-BEFC-9FD00E78A296}.net_2_0_Release|Any CPU.ActiveCfg = Release|Any CPU
		{E10298D8-872D-47EB-BEFC-9FD00E78A296}.net_2_0_Release|Any CPU.Build.0 = Release|Any CPU
		{E10298D8-872D-47EB-BEFC-9FD00E78A296}.net_3_5_Debug|Any CPU.ActiveCfg = Debug|Any CPU
		{E10298D8-872D-47EB-BEFC-9FD00E78A296}.net_3_5_Debug|Any CPU.Build.0 = Debug|Any CPU
		{E10298D8-872D-47EB-BEFC-9FD00E78A296}.net_3_5_Release|Any CPU.ActiveCfg = Release|Any CPU
		{E10298D8-872D-47EB-BEFC-9FD00E78A296}.net_3_5_Release|Any CPU.Build.0 = Release|Any CPU
		{E10298D8-872D-47EB-BEFC-9FD00E78A296}.net_4_0_Debug|Any CPU.ActiveCfg = Debug|Any CPU
		{E10298D8-872D-47EB-BEFC-9FD00E78A296}.net_4_0_Debug|Any CPU.Build.0 = Debug|Any CPU
		{E10298D8-872D-47EB-BEFC-9FD00E78A296}.net_4_0_Release|Any CPU.ActiveCfg = Release|Any CPU
		{E10298D8-872D-47EB-BEFC-9FD00E78A296}.net_4_0_Release|Any CPU.Build.0 = Release|Any CPU
		{E10298D8-872D-47EB-BEFC-9FD00E78A296}.Release|Any CPU.ActiveCfg = Release|Any CPU
		{E10298D8-872D-47EB-BEFC-9FD00E78A296}.Release|Any CPU.Build.0 = Release|Any CPU
		{E10298D8-872D-47EB-BEFC-9FD00E78A296}.silverlight_Debug|Any CPU.ActiveCfg = Debug|Any CPU
		{E10298D8-872D-47EB-BEFC-9FD00E78A296}.silverlight_Debug|Any CPU.Build.0 = Debug|Any CPU
		{E10298D8-872D-47EB-BEFC-9FD00E78A296}.silverlight_Release|Any CPU.ActiveCfg = Release|Any CPU
		{E10298D8-872D-47EB-BEFC-9FD00E78A296}.silverlight_Release|Any CPU.Build.0 = Release|Any CPU
		{E10298D8-872D-47EB-BEFC-9FD00E78A296}.winphone_Debug|Any CPU.ActiveCfg = Debug|Any CPU
		{E10298D8-872D-47EB-BEFC-9FD00E78A296}.winphone_Debug|Any CPU.Build.0 = Debug|Any CPU
		{E10298D8-872D-47EB-BEFC-9FD00E78A296}.winphone_Release|Any CPU.ActiveCfg = Release|Any CPU
		{E10298D8-872D-47EB-BEFC-9FD00E78A296}.winphone_Release|Any CPU.Build.0 = Release|Any CPU
		{D68133BD-1E63-496E-9EDE-4FBDBF77B486}.Debug|Any CPU.ActiveCfg = winphone_Debug|Any CPU
		{D68133BD-1E63-496E-9EDE-4FBDBF77B486}.Debug|Any CPU.Build.0 = winphone_Debug|Any CPU
		{D68133BD-1E63-496E-9EDE-4FBDBF77B486}.net_2_0_Debug|Any CPU.ActiveCfg = net_2_0_Debug|Any CPU
		{D68133BD-1E63-496E-9EDE-4FBDBF77B486}.net_2_0_Debug|Any CPU.Build.0 = net_2_0_Debug|Any CPU
		{D68133BD-1E63-496E-9EDE-4FBDBF77B486}.net_2_0_Release|Any CPU.ActiveCfg = net_2_0_Release|Any CPU
		{D68133BD-1E63-496E-9EDE-4FBDBF77B486}.net_2_0_Release|Any CPU.Build.0 = net_2_0_Release|Any CPU
		{D68133BD-1E63-496E-9EDE-4FBDBF77B486}.net_3_5_Debug|Any CPU.ActiveCfg = net_3_5_Debug|Any CPU
		{D68133BD-1E63-496E-9EDE-4FBDBF77B486}.net_3_5_Debug|Any CPU.Build.0 = net_3_5_Debug|Any CPU
		{D68133BD-1E63-496E-9EDE-4FBDBF77B486}.net_3_5_Release|Any CPU.ActiveCfg = net_3_5_Release|Any CPU
		{D68133BD-1E63-496E-9EDE-4FBDBF77B486}.net_3_5_Release|Any CPU.Build.0 = net_3_5_Release|Any CPU
		{D68133BD-1E63-496E-9EDE-4FBDBF77B486}.net_4_0_Debug|Any CPU.ActiveCfg = net_4_0_Debug|Any CPU
		{D68133BD-1E63-496E-9EDE-4FBDBF77B486}.net_4_0_Debug|Any CPU.Build.0 = net_4_0_Debug|Any CPU
		{D68133BD-1E63-496E-9EDE-4FBDBF77B486}.net_4_0_Release|Any CPU.ActiveCfg = net_4_0_Release|Any CPU
		{D68133BD-1E63-496E-9EDE-4FBDBF77B486}.net_4_0_Release|Any CPU.Build.0 = net_4_0_Release|Any CPU
		{D68133BD-1E63-496E-9EDE-4FBDBF77B486}.Release|Any CPU.ActiveCfg = winphone_Release|Any CPU
		{D68133BD-1E63-496E-9EDE-4FBDBF77B486}.Release|Any CPU.Build.0 = winphone_Release|Any CPU
		{D68133BD-1E63-496E-9EDE-4FBDBF77B486}.silverlight_Debug|Any CPU.ActiveCfg = silverlight_Debug|Any CPU
		{D68133BD-1E63-496E-9EDE-4FBDBF77B486}.silverlight_Debug|Any CPU.Build.0 = silverlight_Debug|Any CPU
		{D68133BD-1E63-496E-9EDE-4FBDBF77B486}.silverlight_Release|Any CPU.ActiveCfg = silverlight_Release|Any CPU
		{D68133BD-1E63-496E-9EDE-4FBDBF77B486}.silverlight_Release|Any CPU.Build.0 = silverlight_Release|Any CPU
		{D68133BD-1E63-496E-9EDE-4FBDBF77B486}.winphone_Debug|Any CPU.ActiveCfg = winphone_Debug|Any CPU
		{D68133BD-1E63-496E-9EDE-4FBDBF77B486}.winphone_Debug|Any CPU.Build.0 = winphone_Debug|Any CPU
		{D68133BD-1E63-496E-9EDE-4FBDBF77B486}.winphone_Release|Any CPU.ActiveCfg = winphone_Release|Any CPU
		{D68133BD-1E63-496E-9EDE-4FBDBF77B486}.winphone_Release|Any CPU.Build.0 = winphone_Release|Any CPU
		{FBC6DD59-D09D-499C-B03C-99C1C78FF2AC}.Debug|Any CPU.ActiveCfg = winphone_Debug|Any CPU
		{FBC6DD59-D09D-499C-B03C-99C1C78FF2AC}.Debug|Any CPU.Build.0 = winphone_Debug|Any CPU
		{FBC6DD59-D09D-499C-B03C-99C1C78FF2AC}.net_2_0_Debug|Any CPU.ActiveCfg = net_4_0_Release|Any CPU
		{FBC6DD59-D09D-499C-B03C-99C1C78FF2AC}.net_2_0_Debug|Any CPU.Build.0 = net_4_0_Release|Any CPU
		{FBC6DD59-D09D-499C-B03C-99C1C78FF2AC}.net_2_0_Release|Any CPU.ActiveCfg = net_4_0_Release|Any CPU
		{FBC6DD59-D09D-499C-B03C-99C1C78FF2AC}.net_2_0_Release|Any CPU.Build.0 = net_4_0_Release|Any CPU
		{FBC6DD59-D09D-499C-B03C-99C1C78FF2AC}.net_3_5_Debug|Any CPU.ActiveCfg = net_3_5_Debug|Any CPU
		{FBC6DD59-D09D-499C-B03C-99C1C78FF2AC}.net_3_5_Debug|Any CPU.Build.0 = net_3_5_Debug|Any CPU
		{FBC6DD59-D09D-499C-B03C-99C1C78FF2AC}.net_3_5_Release|Any CPU.ActiveCfg = net_3_5_Release|Any CPU
		{FBC6DD59-D09D-499C-B03C-99C1C78FF2AC}.net_3_5_Release|Any CPU.Build.0 = net_3_5_Release|Any CPU
		{FBC6DD59-D09D-499C-B03C-99C1C78FF2AC}.net_4_0_Debug|Any CPU.ActiveCfg = net_4_0_Debug|Any CPU
		{FBC6DD59-D09D-499C-B03C-99C1C78FF2AC}.net_4_0_Debug|Any CPU.Build.0 = net_4_0_Debug|Any CPU
		{FBC6DD59-D09D-499C-B03C-99C1C78FF2AC}.net_4_0_Release|Any CPU.ActiveCfg = net_4_0_Release|Any CPU
		{FBC6DD59-D09D-499C-B03C-99C1C78FF2AC}.net_4_0_Release|Any CPU.Build.0 = net_4_0_Release|Any CPU
		{FBC6DD59-D09D-499C-B03C-99C1C78FF2AC}.Release|Any CPU.ActiveCfg = winphone_Release|Any CPU
		{FBC6DD59-D09D-499C-B03C-99C1C78FF2AC}.Release|Any CPU.Build.0 = winphone_Release|Any CPU
		{FBC6DD59-D09D-499C-B03C-99C1C78FF2AC}.silverlight_Debug|Any CPU.ActiveCfg = silverlight_Debug|Any CPU
		{FBC6DD59-D09D-499C-B03C-99C1C78FF2AC}.silverlight_Debug|Any CPU.Build.0 = silverlight_Debug|Any CPU
		{FBC6DD59-D09D-499C-B03C-99C1C78FF2AC}.silverlight_Release|Any CPU.ActiveCfg = silverlight_Release|Any CPU
		{FBC6DD59-D09D-499C-B03C-99C1C78FF2AC}.silverlight_Release|Any CPU.Build.0 = silverlight_Release|Any CPU
		{FBC6DD59-D09D-499C-B03C-99C1C78FF2AC}.winphone_Debug|Any CPU.ActiveCfg = winphone_Debug|Any CPU
		{FBC6DD59-D09D-499C-B03C-99C1C78FF2AC}.winphone_Debug|Any CPU.Build.0 = winphone_Debug|Any CPU
		{FBC6DD59-D09D-499C-B03C-99C1C78FF2AC}.winphone_Release|Any CPU.ActiveCfg = winphone_Release|Any CPU
		{FBC6DD59-D09D-499C-B03C-99C1C78FF2AC}.winphone_Release|Any CPU.Build.0 = winphone_Release|Any CPU
		{F28CDDFF-5A7A-413E-809E-15FFB8766E86}.Debug|Any CPU.ActiveCfg = Debug|Any CPU
		{F28CDDFF-5A7A-413E-809E-15FFB8766E86}.Debug|Any CPU.Build.0 = Debug|Any CPU
		{F28CDDFF-5A7A-413E-809E-15FFB8766E86}.net_2_0_Debug|Any CPU.ActiveCfg = Debug|Any CPU
		{F28CDDFF-5A7A-413E-809E-15FFB8766E86}.net_2_0_Debug|Any CPU.Build.0 = Debug|Any CPU
		{F28CDDFF-5A7A-413E-809E-15FFB8766E86}.net_2_0_Release|Any CPU.ActiveCfg = Release|Any CPU
		{F28CDDFF-5A7A-413E-809E-15FFB8766E86}.net_2_0_Release|Any CPU.Build.0 = Release|Any CPU
		{F28CDDFF-5A7A-413E-809E-15FFB8766E86}.net_3_5_Debug|Any CPU.ActiveCfg = Debug|Any CPU
		{F28CDDFF-5A7A-413E-809E-15FFB8766E86}.net_3_5_Debug|Any CPU.Build.0 = Debug|Any CPU
		{F28CDDFF-5A7A-413E-809E-15FFB8766E86}.net_3_5_Release|Any CPU.ActiveCfg = Release|Any CPU
		{F28CDDFF-5A7A-413E-809E-15FFB8766E86}.net_3_5_Release|Any CPU.Build.0 = Release|Any CPU
		{F28CDDFF-5A7A-413E-809E-15FFB8766E86}.net_4_0_Debug|Any CPU.ActiveCfg = Debug|Any CPU
		{F28CDDFF-5A7A-413E-809E-15FFB8766E86}.net_4_0_Debug|Any CPU.Build.0 = Debug|Any CPU
		{F28CDDFF-5A7A-413E-809E-15FFB8766E86}.net_4_0_Release|Any CPU.ActiveCfg = Release|Any CPU
		{F28CDDFF-5A7A-413E-809E-15FFB8766E86}.net_4_0_Release|Any CPU.Build.0 = Release|Any CPU
		{F28CDDFF-5A7A-413E-809E-15FFB8766E86}.Release|Any CPU.ActiveCfg = Release|Any CPU
		{F28CDDFF-5A7A-413E-809E-15FFB8766E86}.Release|Any CPU.Build.0 = Release|Any CPU
		{F28CDDFF-5A7A-413E-809E-15FFB8766E86}.silverlight_Debug|Any CPU.ActiveCfg = Debug|Any CPU
		{F28CDDFF-5A7A-413E-809E-15FFB8766E86}.silverlight_Debug|Any CPU.Build.0 = Debug|Any CPU
		{F28CDDFF-5A7A-413E-809E-15FFB8766E86}.silverlight_Release|Any CPU.ActiveCfg = Release|Any CPU
		{F28CDDFF-5A7A-413E-809E-15FFB8766E86}.silverlight_Release|Any CPU.Build.0 = Release|Any CPU
		{F28CDDFF-5A7A-413E-809E-15FFB8766E86}.winphone_Debug|Any CPU.ActiveCfg = Debug|Any CPU
		{F28CDDFF-5A7A-413E-809E-15FFB8766E86}.winphone_Debug|Any CPU.Build.0 = Debug|Any CPU
		{F28CDDFF-5A7A-413E-809E-15FFB8766E86}.winphone_Release|Any CPU.ActiveCfg = Release|Any CPU
		{F28CDDFF-5A7A-413E-809E-15FFB8766E86}.winphone_Release|Any CPU.Build.0 = Release|Any CPU
		{DD28E2B1-057B-4B4D-A04D-B2EBD9E76E46}.Debug|Any CPU.ActiveCfg = Debug|Any CPU
		{DD28E2B1-057B-4B4D-A04D-B2EBD9E76E46}.Debug|Any CPU.Build.0 = Debug|Any CPU
		{DD28E2B1-057B-4B4D-A04D-B2EBD9E76E46}.net_2_0_Debug|Any CPU.ActiveCfg = Debug|Any CPU
		{DD28E2B1-057B-4B4D-A04D-B2EBD9E76E46}.net_2_0_Debug|Any CPU.Build.0 = Debug|Any CPU
		{DD28E2B1-057B-4B4D-A04D-B2EBD9E76E46}.net_2_0_Release|Any CPU.ActiveCfg = Release|Any CPU
		{DD28E2B1-057B-4B4D-A04D-B2EBD9E76E46}.net_2_0_Release|Any CPU.Build.0 = Release|Any CPU
		{DD28E2B1-057B-4B4D-A04D-B2EBD9E76E46}.net_3_5_Debug|Any CPU.ActiveCfg = Debug|Any CPU
		{DD28E2B1-057B-4B4D-A04D-B2EBD9E76E46}.net_3_5_Debug|Any CPU.Build.0 = Debug|Any CPU
		{DD28E2B1-057B-4B4D-A04D-B2EBD9E76E46}.net_3_5_Release|Any CPU.ActiveCfg = Release|Any CPU
		{DD28E2B1-057B-4B4D-A04D-B2EBD9E76E46}.net_3_5_Release|Any CPU.Build.0 = Release|Any CPU
		{DD28E2B1-057B-4B4D-A04D-B2EBD9E76E46}.net_4_0_Debug|Any CPU.ActiveCfg = Debug|Any CPU
		{DD28E2B1-057B-4B4D-A04D-B2EBD9E76E46}.net_4_0_Debug|Any CPU.Build.0 = Debug|Any CPU
		{DD28E2B1-057B-4B4D-A04D-B2EBD9E76E46}.net_4_0_Release|Any CPU.ActiveCfg = Release|Any CPU
		{DD28E2B1-057B-4B4D-A04D-B2EBD9E76E46}.net_4_0_Release|Any CPU.Build.0 = Release|Any CPU
		{DD28E2B1-057B-4B4D-A04D-B2EBD9E76E46}.Release|Any CPU.ActiveCfg = Release|Any CPU
		{DD28E2B1-057B-4B4D-A04D-B2EBD9E76E46}.Release|Any CPU.Build.0 = Release|Any CPU
		{DD28E2B1-057B-4B4D-A04D-B2EBD9E76E46}.silverlight_Debug|Any CPU.ActiveCfg = Debug|Any CPU
		{DD28E2B1-057B-4B4D-A04D-B2EBD9E76E46}.silverlight_Debug|Any CPU.Build.0 = Debug|Any CPU
		{DD28E2B1-057B-4B4D-A04D-B2EBD9E76E46}.silverlight_Release|Any CPU.ActiveCfg = Release|Any CPU
		{DD28E2B1-057B-4B4D-A04D-B2EBD9E76E46}.silverlight_Release|Any CPU.Build.0 = Release|Any CPU
		{DD28E2B1-057B-4B4D-A04D-B2EBD9E76E46}.winphone_Debug|Any CPU.ActiveCfg = Debug|Any CPU
		{DD28E2B1-057B-4B4D-A04D-B2EBD9E76E46}.winphone_Debug|Any CPU.Build.0 = Debug|Any CPU
		{DD28E2B1-057B-4B4D-A04D-B2EBD9E76E46}.winphone_Release|Any CPU.ActiveCfg = Release|Any CPU
		{DD28E2B1-057B-4B4D-A04D-B2EBD9E76E46}.winphone_Release|Any CPU.Build.0 = Release|Any CPU
		{CA415EE7-B9C6-4562-931B-2056F7FA3510}.Debug|Any CPU.ActiveCfg = Debug|Any CPU
		{CA415EE7-B9C6-4562-931B-2056F7FA3510}.Debug|Any CPU.Build.0 = Debug|Any CPU
		{CA415EE7-B9C6-4562-931B-2056F7FA3510}.net_2_0_Debug|Any CPU.ActiveCfg = Debug|Any CPU
		{CA415EE7-B9C6-4562-931B-2056F7FA3510}.net_2_0_Debug|Any CPU.Build.0 = Debug|Any CPU
		{CA415EE7-B9C6-4562-931B-2056F7FA3510}.net_2_0_Release|Any CPU.ActiveCfg = Release|Any CPU
		{CA415EE7-B9C6-4562-931B-2056F7FA3510}.net_2_0_Release|Any CPU.Build.0 = Release|Any CPU
		{CA415EE7-B9C6-4562-931B-2056F7FA3510}.net_3_5_Debug|Any CPU.ActiveCfg = Debug|Any CPU
		{CA415EE7-B9C6-4562-931B-2056F7FA3510}.net_3_5_Debug|Any CPU.Build.0 = Debug|Any CPU
		{CA415EE7-B9C6-4562-931B-2056F7FA3510}.net_3_5_Release|Any CPU.ActiveCfg = Release|Any CPU
		{CA415EE7-B9C6-4562-931B-2056F7FA3510}.net_3_5_Release|Any CPU.Build.0 = Release|Any CPU
		{CA415EE7-B9C6-4562-931B-2056F7FA3510}.net_4_0_Debug|Any CPU.ActiveCfg = Debug|Any CPU
		{CA415EE7-B9C6-4562-931B-2056F7FA3510}.net_4_0_Debug|Any CPU.Build.0 = Debug|Any CPU
		{CA415EE7-B9C6-4562-931B-2056F7FA3510}.net_4_0_Release|Any CPU.ActiveCfg = Release|Any CPU
		{CA415EE7-B9C6-4562-931B-2056F7FA3510}.net_4_0_Release|Any CPU.Build.0 = Release|Any CPU
		{CA415EE7-B9C6-4562-931B-2056F7FA3510}.Release|Any CPU.ActiveCfg = Release|Any CPU
		{CA415EE7-B9C6-4562-931B-2056F7FA3510}.Release|Any CPU.Build.0 = Release|Any CPU
		{CA415EE7-B9C6-4562-931B-2056F7FA3510}.silverlight_Debug|Any CPU.ActiveCfg = Debug|Any CPU
		{CA415EE7-B9C6-4562-931B-2056F7FA3510}.silverlight_Debug|Any CPU.Build.0 = Debug|Any CPU
		{CA415EE7-B9C6-4562-931B-2056F7FA3510}.silverlight_Release|Any CPU.ActiveCfg = Release|Any CPU
		{CA415EE7-B9C6-4562-931B-2056F7FA3510}.silverlight_Release|Any CPU.Build.0 = Release|Any CPU
		{CA415EE7-B9C6-4562-931B-2056F7FA3510}.winphone_Debug|Any CPU.ActiveCfg = Debug|Any CPU
		{CA415EE7-B9C6-4562-931B-2056F7FA3510}.winphone_Debug|Any CPU.Build.0 = Debug|Any CPU
		{CA415EE7-B9C6-4562-931B-2056F7FA3510}.winphone_Release|Any CPU.ActiveCfg = Release|Any CPU
		{CA415EE7-B9C6-4562-931B-2056F7FA3510}.winphone_Release|Any CPU.Build.0 = Release|Any CPU
		{F2BF29A6-49B2-422A-9005-638E61F0AA97}.Debug|Any CPU.ActiveCfg = Debug|Any CPU
		{F2BF29A6-49B2-422A-9005-638E61F0AA97}.Debug|Any CPU.Build.0 = Debug|Any CPU
		{F2BF29A6-49B2-422A-9005-638E61F0AA97}.net_2_0_Debug|Any CPU.ActiveCfg = Debug|Any CPU
		{F2BF29A6-49B2-422A-9005-638E61F0AA97}.net_2_0_Debug|Any CPU.Build.0 = Debug|Any CPU
		{F2BF29A6-49B2-422A-9005-638E61F0AA97}.net_2_0_Release|Any CPU.ActiveCfg = Release|Any CPU
		{F2BF29A6-49B2-422A-9005-638E61F0AA97}.net_2_0_Release|Any CPU.Build.0 = Release|Any CPU
		{F2BF29A6-49B2-422A-9005-638E61F0AA97}.net_3_5_Debug|Any CPU.ActiveCfg = Debug|Any CPU
		{F2BF29A6-49B2-422A-9005-638E61F0AA97}.net_3_5_Debug|Any CPU.Build.0 = Debug|Any CPU
		{F2BF29A6-49B2-422A-9005-638E61F0AA97}.net_3_5_Release|Any CPU.ActiveCfg = Release|Any CPU
		{F2BF29A6-49B2-422A-9005-638E61F0AA97}.net_3_5_Release|Any CPU.Build.0 = Release|Any CPU
		{F2BF29A6-49B2-422A-9005-638E61F0AA97}.net_4_0_Debug|Any CPU.ActiveCfg = Debug|Any CPU
		{F2BF29A6-49B2-422A-9005-638E61F0AA97}.net_4_0_Debug|Any CPU.Build.0 = Debug|Any CPU
		{F2BF29A6-49B2-422A-9005-638E61F0AA97}.net_4_0_Release|Any CPU.ActiveCfg = Release|Any CPU
		{F2BF29A6-49B2-422A-9005-638E61F0AA97}.net_4_0_Release|Any CPU.Build.0 = Release|Any CPU
		{F2BF29A6-49B2-422A-9005-638E61F0AA97}.Release|Any CPU.ActiveCfg = Release|Any CPU
		{F2BF29A6-49B2-422A-9005-638E61F0AA97}.Release|Any CPU.Build.0 = Release|Any CPU
		{F2BF29A6-49B2-422A-9005-638E61F0AA97}.silverlight_Debug|Any CPU.ActiveCfg = Debug|Any CPU
		{F2BF29A6-49B2-422A-9005-638E61F0AA97}.silverlight_Debug|Any CPU.Build.0 = Debug|Any CPU
		{F2BF29A6-49B2-422A-9005-638E61F0AA97}.silverlight_Release|Any CPU.ActiveCfg = Release|Any CPU
		{F2BF29A6-49B2-422A-9005-638E61F0AA97}.silverlight_Release|Any CPU.Build.0 = Release|Any CPU
		{F2BF29A6-49B2-422A-9005-638E61F0AA97}.winphone_Debug|Any CPU.ActiveCfg = Debug|Any CPU
		{F2BF29A6-49B2-422A-9005-638E61F0AA97}.winphone_Debug|Any CPU.Build.0 = Debug|Any CPU
		{F2BF29A6-49B2-422A-9005-638E61F0AA97}.winphone_Release|Any CPU.ActiveCfg = Release|Any CPU
		{F2BF29A6-49B2-422A-9005-638E61F0AA97}.winphone_Release|Any CPU.Build.0 = Release|Any CPU
	EndGlobalSection
	GlobalSection(SolutionProperties) = preSolution
		HideSolutionNode = FALSE
	EndGlobalSection
	GlobalSection(NestedProjects) = preSolution
		{D68133BD-1E63-496E-9EDE-4FBDBF77B486} = {AD80AD5B-8AFE-45AF-889E-9F21BC759565}
		{FBC6DD59-D09D-499C-B03C-99C1C78FF2AC} = {AD80AD5B-8AFE-45AF-889E-9F21BC759565}
		{F28CDDFF-5A7A-413E-809E-15FFB8766E86} = {9C96DBD9-389F-4438-821A-CB145F1B5A9C}
		{DD28E2B1-057B-4B4D-A04D-B2EBD9E76E46} = {9C96DBD9-389F-4438-821A-CB145F1B5A9C}
	EndGlobalSection
EndGlobal
