
Microsoft Visual Studio Solution File, Format Version 11.00
# Visual Studio 2010
Project("{FAE04EC0-301F-11D3-BF4B-00C04F79EFBC}") = "Obfuscator.MetadataBuilder", "Obfuscator.MetadataBuilder\Obfuscator.MetadataBuilder\Obfuscator.MetadataBuilder.csproj", "{95DA839A-E705-4857-BA2B-0F4370C680E0}"
EndProject
Project("{FAE04EC0-301F-11D3-BF4B-00C04F79EFBC}") = "ClassLibrary1", "Obfuscator.MetadataBuilder\TestLibraries\ClassLibrary1\ClassLibrary1.csproj", "{697B7F1C-E579-4072-AA60-CD876D223C9A}"
EndProject
Project("{FAE04EC0-301F-11D3-BF4B-00C04F79EFBC}") = "ClassLibrary2", "Obfuscator.MetadataBuilder\TestLibraries\ClassLibrary2\ClassLibrary2.csproj", "{12F0A186-267D-460A-9DA0-45A3BB14B03E}"
EndProject
Project("{FAE04EC0-301F-11D3-BF4B-00C04F79EFBC}") = "ConsoleApplication1", "Obfuscator.MetadataBuilder\TestLibraries\ConsoleApplication1\ConsoleApplication1.csproj", "{3934A2F3-F5CC-4E55-A5A1-0253B1E70886}"
EndProject
Project("{2150E333-8FDC-42A3-9474-1A3956D46DE8}") = "TestLibraries", "TestLibraries", "{AE72026B-45D0-419C-B251-2C893BD2B82B}"
EndProject
Project("{FAE04EC0-301F-11D3-BF4B-00C04F79EFBC}") = "Mono.Cecil", "ThirdParty\Cecil 1\Mono.Cecil.csproj", "{D68133BD-1E63-496E-9EDE-4FBDBF77B486}"
EndProject
Project("{2150E333-8FDC-42A3-9474-1A3956D46DE8}") = "ThirdParty", "ThirdParty", "{0C9DB5A5-950F-4DE8-862A-25D01D279236}"
EndProject
Project("{FAE04EC0-301F-11D3-BF4B-00C04F79EFBC}") = "CommandLine", "ThirdParty\CommandLine\src\libcmdline\CommandLine.csproj", "{5DEA2811-2FFA-4959-830B-CAD3ACACABEB}"
EndProject
Project("{FAE04EC0-301F-11D3-BF4B-00C04F79EFBC}") = "Mono.Cecil.Rocks", "ThirdParty\Cecil 1\rocks\Mono.Cecil.Rocks.csproj", "{FBC6DD59-D09D-499C-B03C-99C1C78FF2AC}"
EndProject
Project("{FAE04EC0-301F-11D3-BF4B-00C04F79EFBC}") = "Obfuscator.Utils", "Obfuscator.Utils\Obfuscator.Utils.csproj", "{E10298D8-872D-47EB-BEFC-9FD00E78A296}"
EndProject
Global
	GlobalSection(SolutionConfigurationPlatforms) = preSolution
		Debug|Any CPU = Debug|Any CPU
		Debug|Mixed Platforms = Debug|Mixed Platforms
		Debug|x86 = Debug|x86
		DebugTests|Any CPU = DebugTests|Any CPU
		DebugTests|Mixed Platforms = DebugTests|Mixed Platforms
		DebugTests|x86 = DebugTests|x86
		net_2_0_Debug|Any CPU = net_2_0_Debug|Any CPU
		net_2_0_Debug|Mixed Platforms = net_2_0_Debug|Mixed Platforms
		net_2_0_Debug|x86 = net_2_0_Debug|x86
		net_2_0_Release|Any CPU = net_2_0_Release|Any CPU
		net_2_0_Release|Mixed Platforms = net_2_0_Release|Mixed Platforms
		net_2_0_Release|x86 = net_2_0_Release|x86
		net_3_5_Debug|Any CPU = net_3_5_Debug|Any CPU
		net_3_5_Debug|Mixed Platforms = net_3_5_Debug|Mixed Platforms
		net_3_5_Debug|x86 = net_3_5_Debug|x86
		net_3_5_Release|Any CPU = net_3_5_Release|Any CPU
		net_3_5_Release|Mixed Platforms = net_3_5_Release|Mixed Platforms
		net_3_5_Release|x86 = net_3_5_Release|x86
		net_4_0_Debug|Any CPU = net_4_0_Debug|Any CPU
		net_4_0_Debug|Mixed Platforms = net_4_0_Debug|Mixed Platforms
		net_4_0_Debug|x86 = net_4_0_Debug|x86
		net_4_0_Release|Any CPU = net_4_0_Release|Any CPU
		net_4_0_Release|Mixed Platforms = net_4_0_Release|Mixed Platforms
		net_4_0_Release|x86 = net_4_0_Release|x86
		Release|Any CPU = Release|Any CPU
		Release|Mixed Platforms = Release|Mixed Platforms
		Release|x86 = Release|x86
		silverlight_Debug|Any CPU = silverlight_Debug|Any CPU
		silverlight_Debug|Mixed Platforms = silverlight_Debug|Mixed Platforms
		silverlight_Debug|x86 = silverlight_Debug|x86
		silverlight_Release|Any CPU = silverlight_Release|Any CPU
		silverlight_Release|Mixed Platforms = silverlight_Release|Mixed Platforms
		silverlight_Release|x86 = silverlight_Release|x86
		winphone_Debug|Any CPU = winphone_Debug|Any CPU
		winphone_Debug|Mixed Platforms = winphone_Debug|Mixed Platforms
		winphone_Debug|x86 = winphone_Debug|x86
		winphone_Release|Any CPU = winphone_Release|Any CPU
		winphone_Release|Mixed Platforms = winphone_Release|Mixed Platforms
		winphone_Release|x86 = winphone_Release|x86
	EndGlobalSection
	GlobalSection(ProjectConfigurationPlatforms) = postSolution
		{95DA839A-E705-4857-BA2B-0F4370C680E0}.Debug|Any CPU.ActiveCfg = Debug|Any CPU
		{95DA839A-E705-4857-BA2B-0F4370C680E0}.Debug|Any CPU.Build.0 = Debug|Any CPU
		{95DA839A-E705-4857-BA2B-0F4370C680E0}.Debug|Mixed Platforms.ActiveCfg = Debug|Any CPU
		{95DA839A-E705-4857-BA2B-0F4370C680E0}.Debug|Mixed Platforms.Build.0 = Debug|Any CPU
		{95DA839A-E705-4857-BA2B-0F4370C680E0}.Debug|x86.ActiveCfg = Debug|Any CPU
		{95DA839A-E705-4857-BA2B-0F4370C680E0}.DebugTests|Any CPU.ActiveCfg = Debug|Any CPU
		{95DA839A-E705-4857-BA2B-0F4370C680E0}.DebugTests|Any CPU.Build.0 = Debug|Any CPU
		{95DA839A-E705-4857-BA2B-0F4370C680E0}.DebugTests|Mixed Platforms.ActiveCfg = Debug|Any CPU
		{95DA839A-E705-4857-BA2B-0F4370C680E0}.DebugTests|Mixed Platforms.Build.0 = Debug|Any CPU
		{95DA839A-E705-4857-BA2B-0F4370C680E0}.DebugTests|x86.ActiveCfg = Debug|Any CPU
		{95DA839A-E705-4857-BA2B-0F4370C680E0}.net_2_0_Debug|Any CPU.ActiveCfg = Debug|Any CPU
		{95DA839A-E705-4857-BA2B-0F4370C680E0}.net_2_0_Debug|Any CPU.Build.0 = Debug|Any CPU
		{95DA839A-E705-4857-BA2B-0F4370C680E0}.net_2_0_Debug|Mixed Platforms.ActiveCfg = Debug|Any CPU
		{95DA839A-E705-4857-BA2B-0F4370C680E0}.net_2_0_Debug|Mixed Platforms.Build.0 = Debug|Any CPU
		{95DA839A-E705-4857-BA2B-0F4370C680E0}.net_2_0_Debug|x86.ActiveCfg = Debug|Any CPU
		{95DA839A-E705-4857-BA2B-0F4370C680E0}.net_2_0_Release|Any CPU.ActiveCfg = Release|Any CPU
		{95DA839A-E705-4857-BA2B-0F4370C680E0}.net_2_0_Release|Any CPU.Build.0 = Release|Any CPU
		{95DA839A-E705-4857-BA2B-0F4370C680E0}.net_2_0_Release|Mixed Platforms.ActiveCfg = Release|Any CPU
		{95DA839A-E705-4857-BA2B-0F4370C680E0}.net_2_0_Release|Mixed Platforms.Build.0 = Release|Any CPU
		{95DA839A-E705-4857-BA2B-0F4370C680E0}.net_2_0_Release|x86.ActiveCfg = Release|Any CPU
		{95DA839A-E705-4857-BA2B-0F4370C680E0}.net_3_5_Debug|Any CPU.ActiveCfg = Debug|Any CPU
		{95DA839A-E705-4857-BA2B-0F4370C680E0}.net_3_5_Debug|Any CPU.Build.0 = Debug|Any CPU
		{95DA839A-E705-4857-BA2B-0F4370C680E0}.net_3_5_Debug|Mixed Platforms.ActiveCfg = Debug|Any CPU
		{95DA839A-E705-4857-BA2B-0F4370C680E0}.net_3_5_Debug|Mixed Platforms.Build.0 = Debug|Any CPU
		{95DA839A-E705-4857-BA2B-0F4370C680E0}.net_3_5_Debug|x86.ActiveCfg = Debug|Any CPU
		{95DA839A-E705-4857-BA2B-0F4370C680E0}.net_3_5_Release|Any CPU.ActiveCfg = Release|Any CPU
		{95DA839A-E705-4857-BA2B-0F4370C680E0}.net_3_5_Release|Any CPU.Build.0 = Release|Any CPU
		{95DA839A-E705-4857-BA2B-0F4370C680E0}.net_3_5_Release|Mixed Platforms.ActiveCfg = Release|Any CPU
		{95DA839A-E705-4857-BA2B-0F4370C680E0}.net_3_5_Release|Mixed Platforms.Build.0 = Release|Any CPU
		{95DA839A-E705-4857-BA2B-0F4370C680E0}.net_3_5_Release|x86.ActiveCfg = Release|Any CPU
		{95DA839A-E705-4857-BA2B-0F4370C680E0}.net_4_0_Debug|Any CPU.ActiveCfg = Debug|Any CPU
		{95DA839A-E705-4857-BA2B-0F4370C680E0}.net_4_0_Debug|Any CPU.Build.0 = Debug|Any CPU
		{95DA839A-E705-4857-BA2B-0F4370C680E0}.net_4_0_Debug|Mixed Platforms.ActiveCfg = Debug|Any CPU
		{95DA839A-E705-4857-BA2B-0F4370C680E0}.net_4_0_Debug|Mixed Platforms.Build.0 = Debug|Any CPU
		{95DA839A-E705-4857-BA2B-0F4370C680E0}.net_4_0_Debug|x86.ActiveCfg = Debug|Any CPU
		{95DA839A-E705-4857-BA2B-0F4370C680E0}.net_4_0_Release|Any CPU.ActiveCfg = Release|Any CPU
		{95DA839A-E705-4857-BA2B-0F4370C680E0}.net_4_0_Release|Any CPU.Build.0 = Release|Any CPU
		{95DA839A-E705-4857-BA2B-0F4370C680E0}.net_4_0_Release|Mixed Platforms.ActiveCfg = Release|Any CPU
		{95DA839A-E705-4857-BA2B-0F4370C680E0}.net_4_0_Release|Mixed Platforms.Build.0 = Release|Any CPU
		{95DA839A-E705-4857-BA2B-0F4370C680E0}.net_4_0_Release|x86.ActiveCfg = Release|Any CPU
		{95DA839A-E705-4857-BA2B-0F4370C680E0}.Release|Any CPU.ActiveCfg = Release|Any CPU
		{95DA839A-E705-4857-BA2B-0F4370C680E0}.Release|Any CPU.Build.0 = Release|Any CPU
		{95DA839A-E705-4857-BA2B-0F4370C680E0}.Release|Mixed Platforms.ActiveCfg = Release|Any CPU
		{95DA839A-E705-4857-BA2B-0F4370C680E0}.Release|Mixed Platforms.Build.0 = Release|Any CPU
		{95DA839A-E705-4857-BA2B-0F4370C680E0}.Release|x86.ActiveCfg = Release|Any CPU
		{95DA839A-E705-4857-BA2B-0F4370C680E0}.silverlight_Debug|Any CPU.ActiveCfg = Debug|Any CPU
		{95DA839A-E705-4857-BA2B-0F4370C680E0}.silverlight_Debug|Any CPU.Build.0 = Debug|Any CPU
		{95DA839A-E705-4857-BA2B-0F4370C680E0}.silverlight_Debug|Mixed Platforms.ActiveCfg = Debug|Any CPU
		{95DA839A-E705-4857-BA2B-0F4370C680E0}.silverlight_Debug|Mixed Platforms.Build.0 = Debug|Any CPU
		{95DA839A-E705-4857-BA2B-0F4370C680E0}.silverlight_Debug|x86.ActiveCfg = Debug|Any CPU
		{95DA839A-E705-4857-BA2B-0F4370C680E0}.silverlight_Release|Any CPU.ActiveCfg = Release|Any CPU
		{95DA839A-E705-4857-BA2B-0F4370C680E0}.silverlight_Release|Any CPU.Build.0 = Release|Any CPU
		{95DA839A-E705-4857-BA2B-0F4370C680E0}.silverlight_Release|Mixed Platforms.ActiveCfg = Release|Any CPU
		{95DA839A-E705-4857-BA2B-0F4370C680E0}.silverlight_Release|Mixed Platforms.Build.0 = Release|Any CPU
		{95DA839A-E705-4857-BA2B-0F4370C680E0}.silverlight_Release|x86.ActiveCfg = Release|Any CPU
		{95DA839A-E705-4857-BA2B-0F4370C680E0}.winphone_Debug|Any CPU.ActiveCfg = Debug|Any CPU
		{95DA839A-E705-4857-BA2B-0F4370C680E0}.winphone_Debug|Any CPU.Build.0 = Debug|Any CPU
		{95DA839A-E705-4857-BA2B-0F4370C680E0}.winphone_Debug|Mixed Platforms.ActiveCfg = Debug|Any CPU
		{95DA839A-E705-4857-BA2B-0F4370C680E0}.winphone_Debug|Mixed Platforms.Build.0 = Debug|Any CPU
		{95DA839A-E705-4857-BA2B-0F4370C680E0}.winphone_Debug|x86.ActiveCfg = Debug|Any CPU
		{95DA839A-E705-4857-BA2B-0F4370C680E0}.winphone_Release|Any CPU.ActiveCfg = Release|Any CPU
		{95DA839A-E705-4857-BA2B-0F4370C680E0}.winphone_Release|Any CPU.Build.0 = Release|Any CPU
		{95DA839A-E705-4857-BA2B-0F4370C680E0}.winphone_Release|Mixed Platforms.ActiveCfg = Release|Any CPU
		{95DA839A-E705-4857-BA2B-0F4370C680E0}.winphone_Release|Mixed Platforms.Build.0 = Release|Any CPU
		{95DA839A-E705-4857-BA2B-0F4370C680E0}.winphone_Release|x86.ActiveCfg = Release|Any CPU
		{697B7F1C-E579-4072-AA60-CD876D223C9A}.Debug|Any CPU.ActiveCfg = Debug|Any CPU
		{697B7F1C-E579-4072-AA60-CD876D223C9A}.Debug|Any CPU.Build.0 = Debug|Any CPU
		{697B7F1C-E579-4072-AA60-CD876D223C9A}.Debug|Mixed Platforms.ActiveCfg = Debug|Any CPU
		{697B7F1C-E579-4072-AA60-CD876D223C9A}.Debug|Mixed Platforms.Build.0 = Debug|Any CPU
		{697B7F1C-E579-4072-AA60-CD876D223C9A}.Debug|x86.ActiveCfg = Debug|Any CPU
		{697B7F1C-E579-4072-AA60-CD876D223C9A}.DebugTests|Any CPU.ActiveCfg = Debug|Any CPU
		{697B7F1C-E579-4072-AA60-CD876D223C9A}.DebugTests|Any CPU.Build.0 = Debug|Any CPU
		{697B7F1C-E579-4072-AA60-CD876D223C9A}.DebugTests|Mixed Platforms.ActiveCfg = Debug|Any CPU
		{697B7F1C-E579-4072-AA60-CD876D223C9A}.DebugTests|Mixed Platforms.Build.0 = Debug|Any CPU
		{697B7F1C-E579-4072-AA60-CD876D223C9A}.DebugTests|x86.ActiveCfg = Debug|Any CPU
		{697B7F1C-E579-4072-AA60-CD876D223C9A}.net_2_0_Debug|Any CPU.ActiveCfg = Debug|Any CPU
		{697B7F1C-E579-4072-AA60-CD876D223C9A}.net_2_0_Debug|Any CPU.Build.0 = Debug|Any CPU
		{697B7F1C-E579-4072-AA60-CD876D223C9A}.net_2_0_Debug|Mixed Platforms.ActiveCfg = Debug|Any CPU
		{697B7F1C-E579-4072-AA60-CD876D223C9A}.net_2_0_Debug|Mixed Platforms.Build.0 = Debug|Any CPU
		{697B7F1C-E579-4072-AA60-CD876D223C9A}.net_2_0_Debug|x86.ActiveCfg = Debug|Any CPU
		{697B7F1C-E579-4072-AA60-CD876D223C9A}.net_2_0_Release|Any CPU.ActiveCfg = Release|Any CPU
		{697B7F1C-E579-4072-AA60-CD876D223C9A}.net_2_0_Release|Any CPU.Build.0 = Release|Any CPU
		{697B7F1C-E579-4072-AA60-CD876D223C9A}.net_2_0_Release|Mixed Platforms.ActiveCfg = Release|Any CPU
		{697B7F1C-E579-4072-AA60-CD876D223C9A}.net_2_0_Release|Mixed Platforms.Build.0 = Release|Any CPU
		{697B7F1C-E579-4072-AA60-CD876D223C9A}.net_2_0_Release|x86.ActiveCfg = Release|Any CPU
		{697B7F1C-E579-4072-AA60-CD876D223C9A}.net_3_5_Debug|Any CPU.ActiveCfg = Debug|Any CPU
		{697B7F1C-E579-4072-AA60-CD876D223C9A}.net_3_5_Debug|Any CPU.Build.0 = Debug|Any CPU
		{697B7F1C-E579-4072-AA60-CD876D223C9A}.net_3_5_Debug|Mixed Platforms.ActiveCfg = Debug|Any CPU
		{697B7F1C-E579-4072-AA60-CD876D223C9A}.net_3_5_Debug|Mixed Platforms.Build.0 = Debug|Any CPU
		{697B7F1C-E579-4072-AA60-CD876D223C9A}.net_3_5_Debug|x86.ActiveCfg = Debug|Any CPU
		{697B7F1C-E579-4072-AA60-CD876D223C9A}.net_3_5_Release|Any CPU.ActiveCfg = Release|Any CPU
		{697B7F1C-E579-4072-AA60-CD876D223C9A}.net_3_5_Release|Any CPU.Build.0 = Release|Any CPU
		{697B7F1C-E579-4072-AA60-CD876D223C9A}.net_3_5_Release|Mixed Platforms.ActiveCfg = Release|Any CPU
		{697B7F1C-E579-4072-AA60-CD876D223C9A}.net_3_5_Release|Mixed Platforms.Build.0 = Release|Any CPU
		{697B7F1C-E579-4072-AA60-CD876D223C9A}.net_3_5_Release|x86.ActiveCfg = Release|Any CPU
		{697B7F1C-E579-4072-AA60-CD876D223C9A}.net_4_0_Debug|Any CPU.ActiveCfg = Debug|Any CPU
		{697B7F1C-E579-4072-AA60-CD876D223C9A}.net_4_0_Debug|Any CPU.Build.0 = Debug|Any CPU
		{697B7F1C-E579-4072-AA60-CD876D223C9A}.net_4_0_Debug|Mixed Platforms.ActiveCfg = Debug|Any CPU
		{697B7F1C-E579-4072-AA60-CD876D223C9A}.net_4_0_Debug|Mixed Platforms.Build.0 = Debug|Any CPU
		{697B7F1C-E579-4072-AA60-CD876D223C9A}.net_4_0_Debug|x86.ActiveCfg = Debug|Any CPU
		{697B7F1C-E579-4072-AA60-CD876D223C9A}.net_4_0_Release|Any CPU.ActiveCfg = Release|Any CPU
		{697B7F1C-E579-4072-AA60-CD876D223C9A}.net_4_0_Release|Any CPU.Build.0 = Release|Any CPU
		{697B7F1C-E579-4072-AA60-CD876D223C9A}.net_4_0_Release|Mixed Platforms.ActiveCfg = Release|Any CPU
		{697B7F1C-E579-4072-AA60-CD876D223C9A}.net_4_0_Release|Mixed Platforms.Build.0 = Release|Any CPU
		{697B7F1C-E579-4072-AA60-CD876D223C9A}.net_4_0_Release|x86.ActiveCfg = Release|Any CPU
		{697B7F1C-E579-4072-AA60-CD876D223C9A}.Release|Any CPU.ActiveCfg = Release|Any CPU
		{697B7F1C-E579-4072-AA60-CD876D223C9A}.Release|Any CPU.Build.0 = Release|Any CPU
		{697B7F1C-E579-4072-AA60-CD876D223C9A}.Release|Mixed Platforms.ActiveCfg = Release|Any CPU
		{697B7F1C-E579-4072-AA60-CD876D223C9A}.Release|Mixed Platforms.Build.0 = Release|Any CPU
		{697B7F1C-E579-4072-AA60-CD876D223C9A}.Release|x86.ActiveCfg = Release|Any CPU
		{697B7F1C-E579-4072-AA60-CD876D223C9A}.silverlight_Debug|Any CPU.ActiveCfg = Debug|Any CPU
		{697B7F1C-E579-4072-AA60-CD876D223C9A}.silverlight_Debug|Any CPU.Build.0 = Debug|Any CPU
		{697B7F1C-E579-4072-AA60-CD876D223C9A}.silverlight_Debug|Mixed Platforms.ActiveCfg = Debug|Any CPU
		{697B7F1C-E579-4072-AA60-CD876D223C9A}.silverlight_Debug|Mixed Platforms.Build.0 = Debug|Any CPU
		{697B7F1C-E579-4072-AA60-CD876D223C9A}.silverlight_Debug|x86.ActiveCfg = Debug|Any CPU
		{697B7F1C-E579-4072-AA60-CD876D223C9A}.silverlight_Release|Any CPU.ActiveCfg = Release|Any CPU
		{697B7F1C-E579-4072-AA60-CD876D223C9A}.silverlight_Release|Any CPU.Build.0 = Release|Any CPU
		{697B7F1C-E579-4072-AA60-CD876D223C9A}.silverlight_Release|Mixed Platforms.ActiveCfg = Release|Any CPU
		{697B7F1C-E579-4072-AA60-CD876D223C9A}.silverlight_Release|Mixed Platforms.Build.0 = Release|Any CPU
		{697B7F1C-E579-4072-AA60-CD876D223C9A}.silverlight_Release|x86.ActiveCfg = Release|Any CPU
		{697B7F1C-E579-4072-AA60-CD876D223C9A}.winphone_Debug|Any CPU.ActiveCfg = Debug|Any CPU
		{697B7F1C-E579-4072-AA60-CD876D223C9A}.winphone_Debug|Any CPU.Build.0 = Debug|Any CPU
		{697B7F1C-E579-4072-AA60-CD876D223C9A}.winphone_Debug|Mixed Platforms.ActiveCfg = Debug|Any CPU
		{697B7F1C-E579-4072-AA60-CD876D223C9A}.winphone_Debug|Mixed Platforms.Build.0 = Debug|Any CPU
		{697B7F1C-E579-4072-AA60-CD876D223C9A}.winphone_Debug|x86.ActiveCfg = Debug|Any CPU
		{697B7F1C-E579-4072-AA60-CD876D223C9A}.winphone_Release|Any CPU.ActiveCfg = Release|Any CPU
		{697B7F1C-E579-4072-AA60-CD876D223C9A}.winphone_Release|Any CPU.Build.0 = Release|Any CPU
		{697B7F1C-E579-4072-AA60-CD876D223C9A}.winphone_Release|Mixed Platforms.ActiveCfg = Release|Any CPU
		{697B7F1C-E579-4072-AA60-CD876D223C9A}.winphone_Release|Mixed Platforms.Build.0 = Release|Any CPU
		{697B7F1C-E579-4072-AA60-CD876D223C9A}.winphone_Release|x86.ActiveCfg = Release|Any CPU
		{12F0A186-267D-460A-9DA0-45A3BB14B03E}.Debug|Any CPU.ActiveCfg = Debug|Any CPU
		{12F0A186-267D-460A-9DA0-45A3BB14B03E}.Debug|Any CPU.Build.0 = Debug|Any CPU
		{12F0A186-267D-460A-9DA0-45A3BB14B03E}.Debug|Mixed Platforms.ActiveCfg = Debug|Any CPU
		{12F0A186-267D-460A-9DA0-45A3BB14B03E}.Debug|Mixed Platforms.Build.0 = Debug|Any CPU
		{12F0A186-267D-460A-9DA0-45A3BB14B03E}.Debug|x86.ActiveCfg = Debug|Any CPU
		{12F0A186-267D-460A-9DA0-45A3BB14B03E}.DebugTests|Any CPU.ActiveCfg = Debug|Any CPU
		{12F0A186-267D-460A-9DA0-45A3BB14B03E}.DebugTests|Any CPU.Build.0 = Debug|Any CPU
		{12F0A186-267D-460A-9DA0-45A3BB14B03E}.DebugTests|Mixed Platforms.ActiveCfg = Debug|Any CPU
		{12F0A186-267D-460A-9DA0-45A3BB14B03E}.DebugTests|Mixed Platforms.Build.0 = Debug|Any CPU
		{12F0A186-267D-460A-9DA0-45A3BB14B03E}.DebugTests|x86.ActiveCfg = Debug|Any CPU
		{12F0A186-267D-460A-9DA0-45A3BB14B03E}.net_2_0_Debug|Any CPU.ActiveCfg = Debug|Any CPU
		{12F0A186-267D-460A-9DA0-45A3BB14B03E}.net_2_0_Debug|Any CPU.Build.0 = Debug|Any CPU
		{12F0A186-267D-460A-9DA0-45A3BB14B03E}.net_2_0_Debug|Mixed Platforms.ActiveCfg = Debug|Any CPU
		{12F0A186-267D-460A-9DA0-45A3BB14B03E}.net_2_0_Debug|Mixed Platforms.Build.0 = Debug|Any CPU
		{12F0A186-267D-460A-9DA0-45A3BB14B03E}.net_2_0_Debug|x86.ActiveCfg = Debug|Any CPU
		{12F0A186-267D-460A-9DA0-45A3BB14B03E}.net_2_0_Release|Any CPU.ActiveCfg = Release|Any CPU
		{12F0A186-267D-460A-9DA0-45A3BB14B03E}.net_2_0_Release|Any CPU.Build.0 = Release|Any CPU
		{12F0A186-267D-460A-9DA0-45A3BB14B03E}.net_2_0_Release|Mixed Platforms.ActiveCfg = Release|Any CPU
		{12F0A186-267D-460A-9DA0-45A3BB14B03E}.net_2_0_Release|Mixed Platforms.Build.0 = Release|Any CPU
		{12F0A186-267D-460A-9DA0-45A3BB14B03E}.net_2_0_Release|x86.ActiveCfg = Release|Any CPU
		{12F0A186-267D-460A-9DA0-45A3BB14B03E}.net_3_5_Debug|Any CPU.ActiveCfg = Debug|Any CPU
		{12F0A186-267D-460A-9DA0-45A3BB14B03E}.net_3_5_Debug|Any CPU.Build.0 = Debug|Any CPU
		{12F0A186-267D-460A-9DA0-45A3BB14B03E}.net_3_5_Debug|Mixed Platforms.ActiveCfg = Debug|Any CPU
		{12F0A186-267D-460A-9DA0-45A3BB14B03E}.net_3_5_Debug|Mixed Platforms.Build.0 = Debug|Any CPU
		{12F0A186-267D-460A-9DA0-45A3BB14B03E}.net_3_5_Debug|x86.ActiveCfg = Debug|Any CPU
		{12F0A186-267D-460A-9DA0-45A3BB14B03E}.net_3_5_Release|Any CPU.ActiveCfg = Release|Any CPU
		{12F0A186-267D-460A-9DA0-45A3BB14B03E}.net_3_5_Release|Any CPU.Build.0 = Release|Any CPU
		{12F0A186-267D-460A-9DA0-45A3BB14B03E}.net_3_5_Release|Mixed Platforms.ActiveCfg = Release|Any CPU
		{12F0A186-267D-460A-9DA0-45A3BB14B03E}.net_3_5_Release|Mixed Platforms.Build.0 = Release|Any CPU
		{12F0A186-267D-460A-9DA0-45A3BB14B03E}.net_3_5_Release|x86.ActiveCfg = Release|Any CPU
		{12F0A186-267D-460A-9DA0-45A3BB14B03E}.net_4_0_Debug|Any CPU.ActiveCfg = Debug|Any CPU
		{12F0A186-267D-460A-9DA0-45A3BB14B03E}.net_4_0_Debug|Any CPU.Build.0 = Debug|Any CPU
		{12F0A186-267D-460A-9DA0-45A3BB14B03E}.net_4_0_Debug|Mixed Platforms.ActiveCfg = Debug|Any CPU
		{12F0A186-267D-460A-9DA0-45A3BB14B03E}.net_4_0_Debug|Mixed Platforms.Build.0 = Debug|Any CPU
		{12F0A186-267D-460A-9DA0-45A3BB14B03E}.net_4_0_Debug|x86.ActiveCfg = Debug|Any CPU
		{12F0A186-267D-460A-9DA0-45A3BB14B03E}.net_4_0_Release|Any CPU.ActiveCfg = Release|Any CPU
		{12F0A186-267D-460A-9DA0-45A3BB14B03E}.net_4_0_Release|Any CPU.Build.0 = Release|Any CPU
		{12F0A186-267D-460A-9DA0-45A3BB14B03E}.net_4_0_Release|Mixed Platforms.ActiveCfg = Release|Any CPU
		{12F0A186-267D-460A-9DA0-45A3BB14B03E}.net_4_0_Release|Mixed Platforms.Build.0 = Release|Any CPU
		{12F0A186-267D-460A-9DA0-45A3BB14B03E}.net_4_0_Release|x86.ActiveCfg = Release|Any CPU
		{12F0A186-267D-460A-9DA0-45A3BB14B03E}.Release|Any CPU.ActiveCfg = Release|Any CPU
		{12F0A186-267D-460A-9DA0-45A3BB14B03E}.Release|Any CPU.Build.0 = Release|Any CPU
		{12F0A186-267D-460A-9DA0-45A3BB14B03E}.Release|Mixed Platforms.ActiveCfg = Release|Any CPU
		{12F0A186-267D-460A-9DA0-45A3BB14B03E}.Release|Mixed Platforms.Build.0 = Release|Any CPU
		{12F0A186-267D-460A-9DA0-45A3BB14B03E}.Release|x86.ActiveCfg = Release|Any CPU
		{12F0A186-267D-460A-9DA0-45A3BB14B03E}.silverlight_Debug|Any CPU.ActiveCfg = Debug|Any CPU
		{12F0A186-267D-460A-9DA0-45A3BB14B03E}.silverlight_Debug|Any CPU.Build.0 = Debug|Any CPU
		{12F0A186-267D-460A-9DA0-45A3BB14B03E}.silverlight_Debug|Mixed Platforms.ActiveCfg = Debug|Any CPU
		{12F0A186-267D-460A-9DA0-45A3BB14B03E}.silverlight_Debug|Mixed Platforms.Build.0 = Debug|Any CPU
		{12F0A186-267D-460A-9DA0-45A3BB14B03E}.silverlight_Debug|x86.ActiveCfg = Debug|Any CPU
		{12F0A186-267D-460A-9DA0-45A3BB14B03E}.silverlight_Release|Any CPU.ActiveCfg = Release|Any CPU
		{12F0A186-267D-460A-9DA0-45A3BB14B03E}.silverlight_Release|Any CPU.Build.0 = Release|Any CPU
		{12F0A186-267D-460A-9DA0-45A3BB14B03E}.silverlight_Release|Mixed Platforms.ActiveCfg = Release|Any CPU
		{12F0A186-267D-460A-9DA0-45A3BB14B03E}.silverlight_Release|Mixed Platforms.Build.0 = Release|Any CPU
		{12F0A186-267D-460A-9DA0-45A3BB14B03E}.silverlight_Release|x86.ActiveCfg = Release|Any CPU
		{12F0A186-267D-460A-9DA0-45A3BB14B03E}.winphone_Debug|Any CPU.ActiveCfg = Debug|Any CPU
		{12F0A186-267D-460A-9DA0-45A3BB14B03E}.winphone_Debug|Any CPU.Build.0 = Debug|Any CPU
		{12F0A186-267D-460A-9DA0-45A3BB14B03E}.winphone_Debug|Mixed Platforms.ActiveCfg = Debug|Any CPU
		{12F0A186-267D-460A-9DA0-45A3BB14B03E}.winphone_Debug|Mixed Platforms.Build.0 = Debug|Any CPU
		{12F0A186-267D-460A-9DA0-45A3BB14B03E}.winphone_Debug|x86.ActiveCfg = Debug|Any CPU
		{12F0A186-267D-460A-9DA0-45A3BB14B03E}.winphone_Release|Any CPU.ActiveCfg = Release|Any CPU
		{12F0A186-267D-460A-9DA0-45A3BB14B03E}.winphone_Release|Any CPU.Build.0 = Release|Any CPU
		{12F0A186-267D-460A-9DA0-45A3BB14B03E}.winphone_Release|Mixed Platforms.ActiveCfg = Release|Any CPU
		{12F0A186-267D-460A-9DA0-45A3BB14B03E}.winphone_Release|Mixed Platforms.Build.0 = Release|Any CPU
		{12F0A186-267D-460A-9DA0-45A3BB14B03E}.winphone_Release|x86.ActiveCfg = Release|Any CPU
		{3934A2F3-F5CC-4E55-A5A1-0253B1E70886}.Debug|Any CPU.ActiveCfg = Debug|x86
		{3934A2F3-F5CC-4E55-A5A1-0253B1E70886}.Debug|Mixed Platforms.ActiveCfg = Debug|x86
		{3934A2F3-F5CC-4E55-A5A1-0253B1E70886}.Debug|Mixed Platforms.Build.0 = Debug|x86
		{3934A2F3-F5CC-4E55-A5A1-0253B1E70886}.Debug|x86.ActiveCfg = Debug|x86
		{3934A2F3-F5CC-4E55-A5A1-0253B1E70886}.Debug|x86.Build.0 = Debug|x86
		{3934A2F3-F5CC-4E55-A5A1-0253B1E70886}.DebugTests|Any CPU.ActiveCfg = Debug|x86
		{3934A2F3-F5CC-4E55-A5A1-0253B1E70886}.DebugTests|Mixed Platforms.ActiveCfg = Debug|x86
		{3934A2F3-F5CC-4E55-A5A1-0253B1E70886}.DebugTests|Mixed Platforms.Build.0 = Debug|x86
		{3934A2F3-F5CC-4E55-A5A1-0253B1E70886}.DebugTests|x86.ActiveCfg = Debug|x86
		{3934A2F3-F5CC-4E55-A5A1-0253B1E70886}.DebugTests|x86.Build.0 = Debug|x86
		{3934A2F3-F5CC-4E55-A5A1-0253B1E70886}.net_2_0_Debug|Any CPU.ActiveCfg = Debug|x86
		{3934A2F3-F5CC-4E55-A5A1-0253B1E70886}.net_2_0_Debug|Mixed Platforms.ActiveCfg = Debug|x86
		{3934A2F3-F5CC-4E55-A5A1-0253B1E70886}.net_2_0_Debug|Mixed Platforms.Build.0 = Debug|x86
		{3934A2F3-F5CC-4E55-A5A1-0253B1E70886}.net_2_0_Debug|x86.ActiveCfg = Debug|x86
		{3934A2F3-F5CC-4E55-A5A1-0253B1E70886}.net_2_0_Debug|x86.Build.0 = Debug|x86
		{3934A2F3-F5CC-4E55-A5A1-0253B1E70886}.net_2_0_Release|Any CPU.ActiveCfg = Release|x86
		{3934A2F3-F5CC-4E55-A5A1-0253B1E70886}.net_2_0_Release|Mixed Platforms.ActiveCfg = Release|x86
		{3934A2F3-F5CC-4E55-A5A1-0253B1E70886}.net_2_0_Release|Mixed Platforms.Build.0 = Release|x86
		{3934A2F3-F5CC-4E55-A5A1-0253B1E70886}.net_2_0_Release|x86.ActiveCfg = Release|x86
		{3934A2F3-F5CC-4E55-A5A1-0253B1E70886}.net_2_0_Release|x86.Build.0 = Release|x86
		{3934A2F3-F5CC-4E55-A5A1-0253B1E70886}.net_3_5_Debug|Any CPU.ActiveCfg = Debug|x86
		{3934A2F3-F5CC-4E55-A5A1-0253B1E70886}.net_3_5_Debug|Mixed Platforms.ActiveCfg = Debug|x86
		{3934A2F3-F5CC-4E55-A5A1-0253B1E70886}.net_3_5_Debug|Mixed Platforms.Build.0 = Debug|x86
		{3934A2F3-F5CC-4E55-A5A1-0253B1E70886}.net_3_5_Debug|x86.ActiveCfg = Debug|x86
		{3934A2F3-F5CC-4E55-A5A1-0253B1E70886}.net_3_5_Debug|x86.Build.0 = Debug|x86
		{3934A2F3-F5CC-4E55-A5A1-0253B1E70886}.net_3_5_Release|Any CPU.ActiveCfg = Release|x86
		{3934A2F3-F5CC-4E55-A5A1-0253B1E70886}.net_3_5_Release|Mixed Platforms.ActiveCfg = Release|x86
		{3934A2F3-F5CC-4E55-A5A1-0253B1E70886}.net_3_5_Release|Mixed Platforms.Build.0 = Release|x86
		{3934A2F3-F5CC-4E55-A5A1-0253B1E70886}.net_3_5_Release|x86.ActiveCfg = Release|x86
		{3934A2F3-F5CC-4E55-A5A1-0253B1E70886}.net_3_5_Release|x86.Build.0 = Release|x86
		{3934A2F3-F5CC-4E55-A5A1-0253B1E70886}.net_4_0_Debug|Any CPU.ActiveCfg = Debug|x86
		{3934A2F3-F5CC-4E55-A5A1-0253B1E70886}.net_4_0_Debug|Mixed Platforms.ActiveCfg = Debug|x86
		{3934A2F3-F5CC-4E55-A5A1-0253B1E70886}.net_4_0_Debug|Mixed Platforms.Build.0 = Debug|x86
		{3934A2F3-F5CC-4E55-A5A1-0253B1E70886}.net_4_0_Debug|x86.ActiveCfg = Debug|x86
		{3934A2F3-F5CC-4E55-A5A1-0253B1E70886}.net_4_0_Debug|x86.Build.0 = Debug|x86
		{3934A2F3-F5CC-4E55-A5A1-0253B1E70886}.net_4_0_Release|Any CPU.ActiveCfg = Release|x86
		{3934A2F3-F5CC-4E55-A5A1-0253B1E70886}.net_4_0_Release|Mixed Platforms.ActiveCfg = Release|x86
		{3934A2F3-F5CC-4E55-A5A1-0253B1E70886}.net_4_0_Release|Mixed Platforms.Build.0 = Release|x86
		{3934A2F3-F5CC-4E55-A5A1-0253B1E70886}.net_4_0_Release|x86.ActiveCfg = Release|x86
		{3934A2F3-F5CC-4E55-A5A1-0253B1E70886}.net_4_0_Release|x86.Build.0 = Release|x86
		{3934A2F3-F5CC-4E55-A5A1-0253B1E70886}.Release|Any CPU.ActiveCfg = Release|x86
		{3934A2F3-F5CC-4E55-A5A1-0253B1E70886}.Release|Mixed Platforms.ActiveCfg = Release|x86
		{3934A2F3-F5CC-4E55-A5A1-0253B1E70886}.Release|Mixed Platforms.Build.0 = Release|x86
		{3934A2F3-F5CC-4E55-A5A1-0253B1E70886}.Release|x86.ActiveCfg = Release|x86
		{3934A2F3-F5CC-4E55-A5A1-0253B1E70886}.Release|x86.Build.0 = Release|x86
		{3934A2F3-F5CC-4E55-A5A1-0253B1E70886}.silverlight_Debug|Any CPU.ActiveCfg = Debug|x86
		{3934A2F3-F5CC-4E55-A5A1-0253B1E70886}.silverlight_Debug|Mixed Platforms.ActiveCfg = Debug|x86
		{3934A2F3-F5CC-4E55-A5A1-0253B1E70886}.silverlight_Debug|Mixed Platforms.Build.0 = Debug|x86
		{3934A2F3-F5CC-4E55-A5A1-0253B1E70886}.silverlight_Debug|x86.ActiveCfg = Debug|x86
		{3934A2F3-F5CC-4E55-A5A1-0253B1E70886}.silverlight_Debug|x86.Build.0 = Debug|x86
		{3934A2F3-F5CC-4E55-A5A1-0253B1E70886}.silverlight_Release|Any CPU.ActiveCfg = Release|x86
		{3934A2F3-F5CC-4E55-A5A1-0253B1E70886}.silverlight_Release|Mixed Platforms.ActiveCfg = Release|x86
		{3934A2F3-F5CC-4E55-A5A1-0253B1E70886}.silverlight_Release|Mixed Platforms.Build.0 = Release|x86
		{3934A2F3-F5CC-4E55-A5A1-0253B1E70886}.silverlight_Release|x86.ActiveCfg = Release|x86
		{3934A2F3-F5CC-4E55-A5A1-0253B1E70886}.silverlight_Release|x86.Build.0 = Release|x86
		{3934A2F3-F5CC-4E55-A5A1-0253B1E70886}.winphone_Debug|Any CPU.ActiveCfg = Debug|x86
		{3934A2F3-F5CC-4E55-A5A1-0253B1E70886}.winphone_Debug|Mixed Platforms.ActiveCfg = Debug|x86
		{3934A2F3-F5CC-4E55-A5A1-0253B1E70886}.winphone_Debug|Mixed Platforms.Build.0 = Debug|x86
		{3934A2F3-F5CC-4E55-A5A1-0253B1E70886}.winphone_Debug|x86.ActiveCfg = Debug|x86
		{3934A2F3-F5CC-4E55-A5A1-0253B1E70886}.winphone_Debug|x86.Build.0 = Debug|x86
		{3934A2F3-F5CC-4E55-A5A1-0253B1E70886}.winphone_Release|Any CPU.ActiveCfg = Release|x86
		{3934A2F3-F5CC-4E55-A5A1-0253B1E70886}.winphone_Release|Mixed Platforms.ActiveCfg = Release|x86
		{3934A2F3-F5CC-4E55-A5A1-0253B1E70886}.winphone_Release|Mixed Platforms.Build.0 = Release|x86
		{3934A2F3-F5CC-4E55-A5A1-0253B1E70886}.winphone_Release|x86.ActiveCfg = Release|x86
		{3934A2F3-F5CC-4E55-A5A1-0253B1E70886}.winphone_Release|x86.Build.0 = Release|x86
		{D68133BD-1E63-496E-9EDE-4FBDBF77B486}.Debug|Any CPU.ActiveCfg = winphone_Debug|Any CPU
		{D68133BD-1E63-496E-9EDE-4FBDBF77B486}.Debug|Any CPU.Build.0 = winphone_Debug|Any CPU
		{D68133BD-1E63-496E-9EDE-4FBDBF77B486}.Debug|Mixed Platforms.ActiveCfg = winphone_Release|Any CPU
		{D68133BD-1E63-496E-9EDE-4FBDBF77B486}.Debug|Mixed Platforms.Build.0 = winphone_Release|Any CPU
		{D68133BD-1E63-496E-9EDE-4FBDBF77B486}.Debug|x86.ActiveCfg = winphone_Release|Any CPU
		{D68133BD-1E63-496E-9EDE-4FBDBF77B486}.DebugTests|Any CPU.ActiveCfg = winphone_Release|Any CPU
		{D68133BD-1E63-496E-9EDE-4FBDBF77B486}.DebugTests|Any CPU.Build.0 = winphone_Release|Any CPU
		{D68133BD-1E63-496E-9EDE-4FBDBF77B486}.DebugTests|Mixed Platforms.ActiveCfg = winphone_Release|Any CPU
		{D68133BD-1E63-496E-9EDE-4FBDBF77B486}.DebugTests|Mixed Platforms.Build.0 = winphone_Release|Any CPU
		{D68133BD-1E63-496E-9EDE-4FBDBF77B486}.DebugTests|x86.ActiveCfg = winphone_Release|Any CPU
		{D68133BD-1E63-496E-9EDE-4FBDBF77B486}.net_2_0_Debug|Any CPU.ActiveCfg = net_2_0_Debug|Any CPU
		{D68133BD-1E63-496E-9EDE-4FBDBF77B486}.net_2_0_Debug|Any CPU.Build.0 = net_2_0_Debug|Any CPU
		{D68133BD-1E63-496E-9EDE-4FBDBF77B486}.net_2_0_Debug|Mixed Platforms.ActiveCfg = net_2_0_Debug|Any CPU
		{D68133BD-1E63-496E-9EDE-4FBDBF77B486}.net_2_0_Debug|Mixed Platforms.Build.0 = net_2_0_Debug|Any CPU
		{D68133BD-1E63-496E-9EDE-4FBDBF77B486}.net_2_0_Debug|x86.ActiveCfg = net_2_0_Debug|Any CPU
		{D68133BD-1E63-496E-9EDE-4FBDBF77B486}.net_2_0_Release|Any CPU.ActiveCfg = net_2_0_Release|Any CPU
		{D68133BD-1E63-496E-9EDE-4FBDBF77B486}.net_2_0_Release|Any CPU.Build.0 = net_2_0_Release|Any CPU
		{D68133BD-1E63-496E-9EDE-4FBDBF77B486}.net_2_0_Release|Mixed Platforms.ActiveCfg = net_2_0_Release|Any CPU
		{D68133BD-1E63-496E-9EDE-4FBDBF77B486}.net_2_0_Release|Mixed Platforms.Build.0 = net_2_0_Release|Any CPU
		{D68133BD-1E63-496E-9EDE-4FBDBF77B486}.net_2_0_Release|x86.ActiveCfg = net_2_0_Release|Any CPU
		{D68133BD-1E63-496E-9EDE-4FBDBF77B486}.net_3_5_Debug|Any CPU.ActiveCfg = net_3_5_Debug|Any CPU
		{D68133BD-1E63-496E-9EDE-4FBDBF77B486}.net_3_5_Debug|Any CPU.Build.0 = net_3_5_Debug|Any CPU
		{D68133BD-1E63-496E-9EDE-4FBDBF77B486}.net_3_5_Debug|Mixed Platforms.ActiveCfg = net_3_5_Debug|Any CPU
		{D68133BD-1E63-496E-9EDE-4FBDBF77B486}.net_3_5_Debug|Mixed Platforms.Build.0 = net_3_5_Debug|Any CPU
		{D68133BD-1E63-496E-9EDE-4FBDBF77B486}.net_3_5_Debug|x86.ActiveCfg = net_3_5_Debug|Any CPU
		{D68133BD-1E63-496E-9EDE-4FBDBF77B486}.net_3_5_Release|Any CPU.ActiveCfg = net_3_5_Release|Any CPU
		{D68133BD-1E63-496E-9EDE-4FBDBF77B486}.net_3_5_Release|Any CPU.Build.0 = net_3_5_Release|Any CPU
		{D68133BD-1E63-496E-9EDE-4FBDBF77B486}.net_3_5_Release|Mixed Platforms.ActiveCfg = net_3_5_Release|Any CPU
		{D68133BD-1E63-496E-9EDE-4FBDBF77B486}.net_3_5_Release|Mixed Platforms.Build.0 = net_3_5_Release|Any CPU
		{D68133BD-1E63-496E-9EDE-4FBDBF77B486}.net_3_5_Release|x86.ActiveCfg = net_3_5_Release|Any CPU
		{D68133BD-1E63-496E-9EDE-4FBDBF77B486}.net_4_0_Debug|Any CPU.ActiveCfg = net_4_0_Debug|Any CPU
		{D68133BD-1E63-496E-9EDE-4FBDBF77B486}.net_4_0_Debug|Any CPU.Build.0 = net_4_0_Debug|Any CPU
		{D68133BD-1E63-496E-9EDE-4FBDBF77B486}.net_4_0_Debug|Mixed Platforms.ActiveCfg = net_4_0_Debug|Any CPU
		{D68133BD-1E63-496E-9EDE-4FBDBF77B486}.net_4_0_Debug|Mixed Platforms.Build.0 = net_4_0_Debug|Any CPU
		{D68133BD-1E63-496E-9EDE-4FBDBF77B486}.net_4_0_Debug|x86.ActiveCfg = net_4_0_Debug|Any CPU
		{D68133BD-1E63-496E-9EDE-4FBDBF77B486}.net_4_0_Release|Any CPU.ActiveCfg = net_4_0_Release|Any CPU
		{D68133BD-1E63-496E-9EDE-4FBDBF77B486}.net_4_0_Release|Any CPU.Build.0 = net_4_0_Release|Any CPU
		{D68133BD-1E63-496E-9EDE-4FBDBF77B486}.net_4_0_Release|Mixed Platforms.ActiveCfg = net_4_0_Release|Any CPU
		{D68133BD-1E63-496E-9EDE-4FBDBF77B486}.net_4_0_Release|Mixed Platforms.Build.0 = net_4_0_Release|Any CPU
		{D68133BD-1E63-496E-9EDE-4FBDBF77B486}.net_4_0_Release|x86.ActiveCfg = net_4_0_Release|Any CPU
		{D68133BD-1E63-496E-9EDE-4FBDBF77B486}.Release|Any CPU.ActiveCfg = winphone_Release|Any CPU
		{D68133BD-1E63-496E-9EDE-4FBDBF77B486}.Release|Any CPU.Build.0 = winphone_Release|Any CPU
		{D68133BD-1E63-496E-9EDE-4FBDBF77B486}.Release|Mixed Platforms.ActiveCfg = winphone_Release|Any CPU
		{D68133BD-1E63-496E-9EDE-4FBDBF77B486}.Release|Mixed Platforms.Build.0 = winphone_Release|Any CPU
		{D68133BD-1E63-496E-9EDE-4FBDBF77B486}.Release|x86.ActiveCfg = winphone_Release|Any CPU
		{D68133BD-1E63-496E-9EDE-4FBDBF77B486}.silverlight_Debug|Any CPU.ActiveCfg = silverlight_Debug|Any CPU
		{D68133BD-1E63-496E-9EDE-4FBDBF77B486}.silverlight_Debug|Any CPU.Build.0 = silverlight_Debug|Any CPU
		{D68133BD-1E63-496E-9EDE-4FBDBF77B486}.silverlight_Debug|Mixed Platforms.ActiveCfg = silverlight_Debug|Any CPU
		{D68133BD-1E63-496E-9EDE-4FBDBF77B486}.silverlight_Debug|Mixed Platforms.Build.0 = silverlight_Debug|Any CPU
		{D68133BD-1E63-496E-9EDE-4FBDBF77B486}.silverlight_Debug|x86.ActiveCfg = silverlight_Debug|Any CPU
		{D68133BD-1E63-496E-9EDE-4FBDBF77B486}.silverlight_Release|Any CPU.ActiveCfg = silverlight_Release|Any CPU
		{D68133BD-1E63-496E-9EDE-4FBDBF77B486}.silverlight_Release|Any CPU.Build.0 = silverlight_Release|Any CPU
		{D68133BD-1E63-496E-9EDE-4FBDBF77B486}.silverlight_Release|Mixed Platforms.ActiveCfg = silverlight_Release|Any CPU
		{D68133BD-1E63-496E-9EDE-4FBDBF77B486}.silverlight_Release|Mixed Platforms.Build.0 = silverlight_Release|Any CPU
		{D68133BD-1E63-496E-9EDE-4FBDBF77B486}.silverlight_Release|x86.ActiveCfg = silverlight_Release|Any CPU
		{D68133BD-1E63-496E-9EDE-4FBDBF77B486}.winphone_Debug|Any CPU.ActiveCfg = winphone_Debug|Any CPU
		{D68133BD-1E63-496E-9EDE-4FBDBF77B486}.winphone_Debug|Any CPU.Build.0 = winphone_Debug|Any CPU
		{D68133BD-1E63-496E-9EDE-4FBDBF77B486}.winphone_Debug|Mixed Platforms.ActiveCfg = winphone_Debug|Any CPU
		{D68133BD-1E63-496E-9EDE-4FBDBF77B486}.winphone_Debug|Mixed Platforms.Build.0 = winphone_Debug|Any CPU
		{D68133BD-1E63-496E-9EDE-4FBDBF77B486}.winphone_Debug|x86.ActiveCfg = winphone_Debug|Any CPU
		{D68133BD-1E63-496E-9EDE-4FBDBF77B486}.winphone_Release|Any CPU.ActiveCfg = winphone_Release|Any CPU
		{D68133BD-1E63-496E-9EDE-4FBDBF77B486}.winphone_Release|Any CPU.Build.0 = winphone_Release|Any CPU
		{D68133BD-1E63-496E-9EDE-4FBDBF77B486}.winphone_Release|Mixed Platforms.ActiveCfg = winphone_Release|Any CPU
		{D68133BD-1E63-496E-9EDE-4FBDBF77B486}.winphone_Release|Mixed Platforms.Build.0 = winphone_Release|Any CPU
		{D68133BD-1E63-496E-9EDE-4FBDBF77B486}.winphone_Release|x86.ActiveCfg = winphone_Release|Any CPU
		{5DEA2811-2FFA-4959-830B-CAD3ACACABEB}.Debug|Any CPU.ActiveCfg = Debug|Any CPU
		{5DEA2811-2FFA-4959-830B-CAD3ACACABEB}.Debug|Any CPU.Build.0 = Debug|Any CPU
		{5DEA2811-2FFA-4959-830B-CAD3ACACABEB}.Debug|Mixed Platforms.ActiveCfg = Debug|Any CPU
		{5DEA2811-2FFA-4959-830B-CAD3ACACABEB}.Debug|Mixed Platforms.Build.0 = Debug|Any CPU
		{5DEA2811-2FFA-4959-830B-CAD3ACACABEB}.Debug|x86.ActiveCfg = Debug|Any CPU
		{5DEA2811-2FFA-4959-830B-CAD3ACACABEB}.DebugTests|Any CPU.ActiveCfg = DebugTests|Any CPU
		{5DEA2811-2FFA-4959-830B-CAD3ACACABEB}.DebugTests|Any CPU.Build.0 = DebugTests|Any CPU
		{5DEA2811-2FFA-4959-830B-CAD3ACACABEB}.DebugTests|Mixed Platforms.ActiveCfg = DebugTests|Any CPU
		{5DEA2811-2FFA-4959-830B-CAD3ACACABEB}.DebugTests|Mixed Platforms.Build.0 = DebugTests|Any CPU
		{5DEA2811-2FFA-4959-830B-CAD3ACACABEB}.DebugTests|x86.ActiveCfg = DebugTests|Any CPU
		{5DEA2811-2FFA-4959-830B-CAD3ACACABEB}.net_2_0_Debug|Any CPU.ActiveCfg = Debug|Any CPU
		{5DEA2811-2FFA-4959-830B-CAD3ACACABEB}.net_2_0_Debug|Any CPU.Build.0 = Debug|Any CPU
		{5DEA2811-2FFA-4959-830B-CAD3ACACABEB}.net_2_0_Debug|Mixed Platforms.ActiveCfg = Debug|Any CPU
		{5DEA2811-2FFA-4959-830B-CAD3ACACABEB}.net_2_0_Debug|Mixed Platforms.Build.0 = Debug|Any CPU
		{5DEA2811-2FFA-4959-830B-CAD3ACACABEB}.net_2_0_Debug|x86.ActiveCfg = Debug|Any CPU
		{5DEA2811-2FFA-4959-830B-CAD3ACACABEB}.net_2_0_Release|Any CPU.ActiveCfg = Release|Any CPU
		{5DEA2811-2FFA-4959-830B-CAD3ACACABEB}.net_2_0_Release|Any CPU.Build.0 = Release|Any CPU
		{5DEA2811-2FFA-4959-830B-CAD3ACACABEB}.net_2_0_Release|Mixed Platforms.ActiveCfg = Release|Any CPU
		{5DEA2811-2FFA-4959-830B-CAD3ACACABEB}.net_2_0_Release|Mixed Platforms.Build.0 = Release|Any CPU
		{5DEA2811-2FFA-4959-830B-CAD3ACACABEB}.net_2_0_Release|x86.ActiveCfg = Release|Any CPU
		{5DEA2811-2FFA-4959-830B-CAD3ACACABEB}.net_3_5_Debug|Any CPU.ActiveCfg = Debug|Any CPU
		{5DEA2811-2FFA-4959-830B-CAD3ACACABEB}.net_3_5_Debug|Any CPU.Build.0 = Debug|Any CPU
		{5DEA2811-2FFA-4959-830B-CAD3ACACABEB}.net_3_5_Debug|Mixed Platforms.ActiveCfg = Debug|Any CPU
		{5DEA2811-2FFA-4959-830B-CAD3ACACABEB}.net_3_5_Debug|Mixed Platforms.Build.0 = Debug|Any CPU
		{5DEA2811-2FFA-4959-830B-CAD3ACACABEB}.net_3_5_Debug|x86.ActiveCfg = Debug|Any CPU
		{5DEA2811-2FFA-4959-830B-CAD3ACACABEB}.net_3_5_Release|Any CPU.ActiveCfg = Release|Any CPU
		{5DEA2811-2FFA-4959-830B-CAD3ACACABEB}.net_3_5_Release|Any CPU.Build.0 = Release|Any CPU
		{5DEA2811-2FFA-4959-830B-CAD3ACACABEB}.net_3_5_Release|Mixed Platforms.ActiveCfg = Release|Any CPU
		{5DEA2811-2FFA-4959-830B-CAD3ACACABEB}.net_3_5_Release|Mixed Platforms.Build.0 = Release|Any CPU
		{5DEA2811-2FFA-4959-830B-CAD3ACACABEB}.net_3_5_Release|x86.ActiveCfg = Release|Any CPU
		{5DEA2811-2FFA-4959-830B-CAD3ACACABEB}.net_4_0_Debug|Any CPU.ActiveCfg = Debug|Any CPU
		{5DEA2811-2FFA-4959-830B-CAD3ACACABEB}.net_4_0_Debug|Any CPU.Build.0 = Debug|Any CPU
		{5DEA2811-2FFA-4959-830B-CAD3ACACABEB}.net_4_0_Debug|Mixed Platforms.ActiveCfg = Debug|Any CPU
		{5DEA2811-2FFA-4959-830B-CAD3ACACABEB}.net_4_0_Debug|Mixed Platforms.Build.0 = Debug|Any CPU
		{5DEA2811-2FFA-4959-830B-CAD3ACACABEB}.net_4_0_Debug|x86.ActiveCfg = Debug|Any CPU
		{5DEA2811-2FFA-4959-830B-CAD3ACACABEB}.net_4_0_Release|Any CPU.ActiveCfg = Release|Any CPU
		{5DEA2811-2FFA-4959-830B-CAD3ACACABEB}.net_4_0_Release|Any CPU.Build.0 = Release|Any CPU
		{5DEA2811-2FFA-4959-830B-CAD3ACACABEB}.net_4_0_Release|Mixed Platforms.ActiveCfg = Release|Any CPU
		{5DEA2811-2FFA-4959-830B-CAD3ACACABEB}.net_4_0_Release|Mixed Platforms.Build.0 = Release|Any CPU
		{5DEA2811-2FFA-4959-830B-CAD3ACACABEB}.net_4_0_Release|x86.ActiveCfg = Release|Any CPU
		{5DEA2811-2FFA-4959-830B-CAD3ACACABEB}.Release|Any CPU.ActiveCfg = Release|Any CPU
		{5DEA2811-2FFA-4959-830B-CAD3ACACABEB}.Release|Any CPU.Build.0 = Release|Any CPU
		{5DEA2811-2FFA-4959-830B-CAD3ACACABEB}.Release|Mixed Platforms.ActiveCfg = Release|Any CPU
		{5DEA2811-2FFA-4959-830B-CAD3ACACABEB}.Release|Mixed Platforms.Build.0 = Release|Any CPU
		{5DEA2811-2FFA-4959-830B-CAD3ACACABEB}.Release|x86.ActiveCfg = Release|Any CPU
		{5DEA2811-2FFA-4959-830B-CAD3ACACABEB}.silverlight_Debug|Any CPU.ActiveCfg = Debug|Any CPU
		{5DEA2811-2FFA-4959-830B-CAD3ACACABEB}.silverlight_Debug|Any CPU.Build.0 = Debug|Any CPU
		{5DEA2811-2FFA-4959-830B-CAD3ACACABEB}.silverlight_Debug|Mixed Platforms.ActiveCfg = Debug|Any CPU
		{5DEA2811-2FFA-4959-830B-CAD3ACACABEB}.silverlight_Debug|Mixed Platforms.Build.0 = Debug|Any CPU
		{5DEA2811-2FFA-4959-830B-CAD3ACACABEB}.silverlight_Debug|x86.ActiveCfg = Debug|Any CPU
		{5DEA2811-2FFA-4959-830B-CAD3ACACABEB}.silverlight_Release|Any CPU.ActiveCfg = Release|Any CPU
		{5DEA2811-2FFA-4959-830B-CAD3ACACABEB}.silverlight_Release|Any CPU.Build.0 = Release|Any CPU
		{5DEA2811-2FFA-4959-830B-CAD3ACACABEB}.silverlight_Release|Mixed Platforms.ActiveCfg = Release|Any CPU
		{5DEA2811-2FFA-4959-830B-CAD3ACACABEB}.silverlight_Release|Mixed Platforms.Build.0 = Release|Any CPU
		{5DEA2811-2FFA-4959-830B-CAD3ACACABEB}.silverlight_Release|x86.ActiveCfg = Release|Any CPU
		{5DEA2811-2FFA-4959-830B-CAD3ACACABEB}.winphone_Debug|Any CPU.ActiveCfg = Debug|Any CPU
		{5DEA2811-2FFA-4959-830B-CAD3ACACABEB}.winphone_Debug|Any CPU.Build.0 = Debug|Any CPU
		{5DEA2811-2FFA-4959-830B-CAD3ACACABEB}.winphone_Debug|Mixed Platforms.ActiveCfg = Debug|Any CPU
		{5DEA2811-2FFA-4959-830B-CAD3ACACABEB}.winphone_Debug|Mixed Platforms.Build.0 = Debug|Any CPU
		{5DEA2811-2FFA-4959-830B-CAD3ACACABEB}.winphone_Debug|x86.ActiveCfg = Debug|Any CPU
		{5DEA2811-2FFA-4959-830B-CAD3ACACABEB}.winphone_Release|Any CPU.ActiveCfg = Release|Any CPU
		{5DEA2811-2FFA-4959-830B-CAD3ACACABEB}.winphone_Release|Any CPU.Build.0 = Release|Any CPU
		{5DEA2811-2FFA-4959-830B-CAD3ACACABEB}.winphone_Release|Mixed Platforms.ActiveCfg = Release|Any CPU
		{5DEA2811-2FFA-4959-830B-CAD3ACACABEB}.winphone_Release|Mixed Platforms.Build.0 = Release|Any CPU
		{5DEA2811-2FFA-4959-830B-CAD3ACACABEB}.winphone_Release|x86.ActiveCfg = Release|Any CPU
		{FBC6DD59-D09D-499C-B03C-99C1C78FF2AC}.Debug|Any CPU.ActiveCfg = winphone_Debug|Any CPU
		{FBC6DD59-D09D-499C-B03C-99C1C78FF2AC}.Debug|Any CPU.Build.0 = winphone_Debug|Any CPU
		{FBC6DD59-D09D-499C-B03C-99C1C78FF2AC}.Debug|Mixed Platforms.ActiveCfg = winphone_Release|Any CPU
		{FBC6DD59-D09D-499C-B03C-99C1C78FF2AC}.Debug|Mixed Platforms.Build.0 = winphone_Release|Any CPU
		{FBC6DD59-D09D-499C-B03C-99C1C78FF2AC}.Debug|x86.ActiveCfg = winphone_Release|Any CPU
		{FBC6DD59-D09D-499C-B03C-99C1C78FF2AC}.DebugTests|Any CPU.ActiveCfg = winphone_Release|Any CPU
		{FBC6DD59-D09D-499C-B03C-99C1C78FF2AC}.DebugTests|Any CPU.Build.0 = winphone_Release|Any CPU
		{FBC6DD59-D09D-499C-B03C-99C1C78FF2AC}.DebugTests|Mixed Platforms.ActiveCfg = winphone_Release|Any CPU
		{FBC6DD59-D09D-499C-B03C-99C1C78FF2AC}.DebugTests|Mixed Platforms.Build.0 = winphone_Release|Any CPU
		{FBC6DD59-D09D-499C-B03C-99C1C78FF2AC}.DebugTests|x86.ActiveCfg = winphone_Release|Any CPU
		{FBC6DD59-D09D-499C-B03C-99C1C78FF2AC}.net_2_0_Debug|Any CPU.ActiveCfg = net_4_0_Release|Any CPU
		{FBC6DD59-D09D-499C-B03C-99C1C78FF2AC}.net_2_0_Debug|Any CPU.Build.0 = net_4_0_Release|Any CPU
		{FBC6DD59-D09D-499C-B03C-99C1C78FF2AC}.net_2_0_Debug|Mixed Platforms.ActiveCfg = net_4_0_Release|Any CPU
		{FBC6DD59-D09D-499C-B03C-99C1C78FF2AC}.net_2_0_Debug|Mixed Platforms.Build.0 = net_4_0_Release|Any CPU
		{FBC6DD59-D09D-499C-B03C-99C1C78FF2AC}.net_2_0_Debug|x86.ActiveCfg = net_4_0_Release|Any CPU
		{FBC6DD59-D09D-499C-B03C-99C1C78FF2AC}.net_2_0_Release|Any CPU.ActiveCfg = net_4_0_Release|Any CPU
		{FBC6DD59-D09D-499C-B03C-99C1C78FF2AC}.net_2_0_Release|Any CPU.Build.0 = net_4_0_Release|Any CPU
		{FBC6DD59-D09D-499C-B03C-99C1C78FF2AC}.net_2_0_Release|Mixed Platforms.ActiveCfg = net_4_0_Release|Any CPU
		{FBC6DD59-D09D-499C-B03C-99C1C78FF2AC}.net_2_0_Release|Mixed Platforms.Build.0 = net_4_0_Release|Any CPU
		{FBC6DD59-D09D-499C-B03C-99C1C78FF2AC}.net_2_0_Release|x86.ActiveCfg = net_4_0_Release|Any CPU
		{FBC6DD59-D09D-499C-B03C-99C1C78FF2AC}.net_3_5_Debug|Any CPU.ActiveCfg = net_3_5_Debug|Any CPU
		{FBC6DD59-D09D-499C-B03C-99C1C78FF2AC}.net_3_5_Debug|Any CPU.Build.0 = net_3_5_Debug|Any CPU
		{FBC6DD59-D09D-499C-B03C-99C1C78FF2AC}.net_3_5_Debug|Mixed Platforms.ActiveCfg = net_3_5_Debug|Any CPU
		{FBC6DD59-D09D-499C-B03C-99C1C78FF2AC}.net_3_5_Debug|Mixed Platforms.Build.0 = net_3_5_Debug|Any CPU
		{FBC6DD59-D09D-499C-B03C-99C1C78FF2AC}.net_3_5_Debug|x86.ActiveCfg = net_3_5_Debug|Any CPU
		{FBC6DD59-D09D-499C-B03C-99C1C78FF2AC}.net_3_5_Release|Any CPU.ActiveCfg = net_3_5_Release|Any CPU
		{FBC6DD59-D09D-499C-B03C-99C1C78FF2AC}.net_3_5_Release|Any CPU.Build.0 = net_3_5_Release|Any CPU
		{FBC6DD59-D09D-499C-B03C-99C1C78FF2AC}.net_3_5_Release|Mixed Platforms.ActiveCfg = net_3_5_Release|Any CPU
		{FBC6DD59-D09D-499C-B03C-99C1C78FF2AC}.net_3_5_Release|Mixed Platforms.Build.0 = net_3_5_Release|Any CPU
		{FBC6DD59-D09D-499C-B03C-99C1C78FF2AC}.net_3_5_Release|x86.ActiveCfg = net_3_5_Release|Any CPU
		{FBC6DD59-D09D-499C-B03C-99C1C78FF2AC}.net_4_0_Debug|Any CPU.ActiveCfg = net_4_0_Debug|Any CPU
		{FBC6DD59-D09D-499C-B03C-99C1C78FF2AC}.net_4_0_Debug|Any CPU.Build.0 = net_4_0_Debug|Any CPU
		{FBC6DD59-D09D-499C-B03C-99C1C78FF2AC}.net_4_0_Debug|Mixed Platforms.ActiveCfg = net_4_0_Debug|Any CPU
		{FBC6DD59-D09D-499C-B03C-99C1C78FF2AC}.net_4_0_Debug|Mixed Platforms.Build.0 = net_4_0_Debug|Any CPU
		{FBC6DD59-D09D-499C-B03C-99C1C78FF2AC}.net_4_0_Debug|x86.ActiveCfg = net_4_0_Debug|Any CPU
		{FBC6DD59-D09D-499C-B03C-99C1C78FF2AC}.net_4_0_Release|Any CPU.ActiveCfg = net_4_0_Release|Any CPU
		{FBC6DD59-D09D-499C-B03C-99C1C78FF2AC}.net_4_0_Release|Any CPU.Build.0 = net_4_0_Release|Any CPU
		{FBC6DD59-D09D-499C-B03C-99C1C78FF2AC}.net_4_0_Release|Mixed Platforms.ActiveCfg = net_4_0_Release|Any CPU
		{FBC6DD59-D09D-499C-B03C-99C1C78FF2AC}.net_4_0_Release|Mixed Platforms.Build.0 = net_4_0_Release|Any CPU
		{FBC6DD59-D09D-499C-B03C-99C1C78FF2AC}.net_4_0_Release|x86.ActiveCfg = net_4_0_Release|Any CPU
		{FBC6DD59-D09D-499C-B03C-99C1C78FF2AC}.Release|Any CPU.ActiveCfg = winphone_Release|Any CPU
		{FBC6DD59-D09D-499C-B03C-99C1C78FF2AC}.Release|Any CPU.Build.0 = winphone_Release|Any CPU
		{FBC6DD59-D09D-499C-B03C-99C1C78FF2AC}.Release|Mixed Platforms.ActiveCfg = winphone_Release|Any CPU
		{FBC6DD59-D09D-499C-B03C-99C1C78FF2AC}.Release|Mixed Platforms.Build.0 = winphone_Release|Any CPU
		{FBC6DD59-D09D-499C-B03C-99C1C78FF2AC}.Release|x86.ActiveCfg = winphone_Release|Any CPU
		{FBC6DD59-D09D-499C-B03C-99C1C78FF2AC}.silverlight_Debug|Any CPU.ActiveCfg = silverlight_Debug|Any CPU
		{FBC6DD59-D09D-499C-B03C-99C1C78FF2AC}.silverlight_Debug|Any CPU.Build.0 = silverlight_Debug|Any CPU
		{FBC6DD59-D09D-499C-B03C-99C1C78FF2AC}.silverlight_Debug|Mixed Platforms.ActiveCfg = silverlight_Debug|Any CPU
		{FBC6DD59-D09D-499C-B03C-99C1C78FF2AC}.silverlight_Debug|Mixed Platforms.Build.0 = silverlight_Debug|Any CPU
		{FBC6DD59-D09D-499C-B03C-99C1C78FF2AC}.silverlight_Debug|x86.ActiveCfg = silverlight_Debug|Any CPU
		{FBC6DD59-D09D-499C-B03C-99C1C78FF2AC}.silverlight_Release|Any CPU.ActiveCfg = silverlight_Release|Any CPU
		{FBC6DD59-D09D-499C-B03C-99C1C78FF2AC}.silverlight_Release|Any CPU.Build.0 = silverlight_Release|Any CPU
		{FBC6DD59-D09D-499C-B03C-99C1C78FF2AC}.silverlight_Release|Mixed Platforms.ActiveCfg = silverlight_Release|Any CPU
		{FBC6DD59-D09D-499C-B03C-99C1C78FF2AC}.silverlight_Release|Mixed Platforms.Build.0 = silverlight_Release|Any CPU
		{FBC6DD59-D09D-499C-B03C-99C1C78FF2AC}.silverlight_Release|x86.ActiveCfg = silverlight_Release|Any CPU
		{FBC6DD59-D09D-499C-B03C-99C1C78FF2AC}.winphone_Debug|Any CPU.ActiveCfg = winphone_Debug|Any CPU
		{FBC6DD59-D09D-499C-B03C-99C1C78FF2AC}.winphone_Debug|Any CPU.Build.0 = winphone_Debug|Any CPU
		{FBC6DD59-D09D-499C-B03C-99C1C78FF2AC}.winphone_Debug|Mixed Platforms.ActiveCfg = winphone_Debug|Any CPU
		{FBC6DD59-D09D-499C-B03C-99C1C78FF2AC}.winphone_Debug|Mixed Platforms.Build.0 = winphone_Debug|Any CPU
		{FBC6DD59-D09D-499C-B03C-99C1C78FF2AC}.winphone_Debug|x86.ActiveCfg = winphone_Debug|Any CPU
		{FBC6DD59-D09D-499C-B03C-99C1C78FF2AC}.winphone_Release|Any CPU.ActiveCfg = winphone_Release|Any CPU
		{FBC6DD59-D09D-499C-B03C-99C1C78FF2AC}.winphone_Release|Any CPU.Build.0 = winphone_Release|Any CPU
		{FBC6DD59-D09D-499C-B03C-99C1C78FF2AC}.winphone_Release|Mixed Platforms.ActiveCfg = winphone_Release|Any CPU
		{FBC6DD59-D09D-499C-B03C-99C1C78FF2AC}.winphone_Release|Mixed Platforms.Build.0 = winphone_Release|Any CPU
		{FBC6DD59-D09D-499C-B03C-99C1C78FF2AC}.winphone_Release|x86.ActiveCfg = winphone_Release|Any CPU
		{E10298D8-872D-47EB-BEFC-9FD00E78A296}.Debug|Any CPU.ActiveCfg = Debug|Any CPU
		{E10298D8-872D-47EB-BEFC-9FD00E78A296}.Debug|Any CPU.Build.0 = Debug|Any CPU
		{E10298D8-872D-47EB-BEFC-9FD00E78A296}.Debug|Mixed Platforms.ActiveCfg = Debug|Any CPU
		{E10298D8-872D-47EB-BEFC-9FD00E78A296}.Debug|Mixed Platforms.Build.0 = Debug|Any CPU
		{E10298D8-872D-47EB-BEFC-9FD00E78A296}.Debug|x86.ActiveCfg = Debug|Any CPU
		{E10298D8-872D-47EB-BEFC-9FD00E78A296}.DebugTests|Any CPU.ActiveCfg = Debug|Any CPU
		{E10298D8-872D-47EB-BEFC-9FD00E78A296}.DebugTests|Any CPU.Build.0 = Debug|Any CPU
		{E10298D8-872D-47EB-BEFC-9FD00E78A296}.DebugTests|Mixed Platforms.ActiveCfg = Debug|Any CPU
		{E10298D8-872D-47EB-BEFC-9FD00E78A296}.DebugTests|Mixed Platforms.Build.0 = Debug|Any CPU
		{E10298D8-872D-47EB-BEFC-9FD00E78A296}.DebugTests|x86.ActiveCfg = Debug|Any CPU
		{E10298D8-872D-47EB-BEFC-9FD00E78A296}.net_2_0_Debug|Any CPU.ActiveCfg = Debug|Any CPU
		{E10298D8-872D-47EB-BEFC-9FD00E78A296}.net_2_0_Debug|Any CPU.Build.0 = Debug|Any CPU
		{E10298D8-872D-47EB-BEFC-9FD00E78A296}.net_2_0_Debug|Mixed Platforms.ActiveCfg = Debug|Any CPU
		{E10298D8-872D-47EB-BEFC-9FD00E78A296}.net_2_0_Debug|Mixed Platforms.Build.0 = Debug|Any CPU
		{E10298D8-872D-47EB-BEFC-9FD00E78A296}.net_2_0_Debug|x86.ActiveCfg = Debug|Any CPU
		{E10298D8-872D-47EB-BEFC-9FD00E78A296}.net_2_0_Release|Any CPU.ActiveCfg = Release|Any CPU
		{E10298D8-872D-47EB-BEFC-9FD00E78A296}.net_2_0_Release|Any CPU.Build.0 = Release|Any CPU
		{E10298D8-872D-47EB-BEFC-9FD00E78A296}.net_2_0_Release|Mixed Platforms.ActiveCfg = Release|Any CPU
		{E10298D8-872D-47EB-BEFC-9FD00E78A296}.net_2_0_Release|Mixed Platforms.Build.0 = Release|Any CPU
		{E10298D8-872D-47EB-BEFC-9FD00E78A296}.net_2_0_Release|x86.ActiveCfg = Release|Any CPU
		{E10298D8-872D-47EB-BEFC-9FD00E78A296}.net_3_5_Debug|Any CPU.ActiveCfg = Debug|Any CPU
		{E10298D8-872D-47EB-BEFC-9FD00E78A296}.net_3_5_Debug|Any CPU.Build.0 = Debug|Any CPU
		{E10298D8-872D-47EB-BEFC-9FD00E78A296}.net_3_5_Debug|Mixed Platforms.ActiveCfg = Debug|Any CPU
		{E10298D8-872D-47EB-BEFC-9FD00E78A296}.net_3_5_Debug|Mixed Platforms.Build.0 = Debug|Any CPU
		{E10298D8-872D-47EB-BEFC-9FD00E78A296}.net_3_5_Debug|x86.ActiveCfg = Debug|Any CPU
		{E10298D8-872D-47EB-BEFC-9FD00E78A296}.net_3_5_Release|Any CPU.ActiveCfg = Release|Any CPU
		{E10298D8-872D-47EB-BEFC-9FD00E78A296}.net_3_5_Release|Any CPU.Build.0 = Release|Any CPU
		{E10298D8-872D-47EB-BEFC-9FD00E78A296}.net_3_5_Release|Mixed Platforms.ActiveCfg = Release|Any CPU
		{E10298D8-872D-47EB-BEFC-9FD00E78A296}.net_3_5_Release|Mixed Platforms.Build.0 = Release|Any CPU
		{E10298D8-872D-47EB-BEFC-9FD00E78A296}.net_3_5_Release|x86.ActiveCfg = Release|Any CPU
		{E10298D8-872D-47EB-BEFC-9FD00E78A296}.net_4_0_Debug|Any CPU.ActiveCfg = Debug|Any CPU
		{E10298D8-872D-47EB-BEFC-9FD00E78A296}.net_4_0_Debug|Any CPU.Build.0 = Debug|Any CPU
		{E10298D8-872D-47EB-BEFC-9FD00E78A296}.net_4_0_Debug|Mixed Platforms.ActiveCfg = Debug|Any CPU
		{E10298D8-872D-47EB-BEFC-9FD00E78A296}.net_4_0_Debug|Mixed Platforms.Build.0 = Debug|Any CPU
		{E10298D8-872D-47EB-BEFC-9FD00E78A296}.net_4_0_Debug|x86.ActiveCfg = Debug|Any CPU
		{E10298D8-872D-47EB-BEFC-9FD00E78A296}.net_4_0_Release|Any CPU.ActiveCfg = Release|Any CPU
		{E10298D8-872D-47EB-BEFC-9FD00E78A296}.net_4_0_Release|Any CPU.Build.0 = Release|Any CPU
		{E10298D8-872D-47EB-BEFC-9FD00E78A296}.net_4_0_Release|Mixed Platforms.ActiveCfg = Release|Any CPU
		{E10298D8-872D-47EB-BEFC-9FD00E78A296}.net_4_0_Release|Mixed Platforms.Build.0 = Release|Any CPU
		{E10298D8-872D-47EB-BEFC-9FD00E78A296}.net_4_0_Release|x86.ActiveCfg = Release|Any CPU
		{E10298D8-872D-47EB-BEFC-9FD00E78A296}.Release|Any CPU.ActiveCfg = Release|Any CPU
		{E10298D8-872D-47EB-BEFC-9FD00E78A296}.Release|Any CPU.Build.0 = Release|Any CPU
		{E10298D8-872D-47EB-BEFC-9FD00E78A296}.Release|Mixed Platforms.ActiveCfg = Release|Any CPU
		{E10298D8-872D-47EB-BEFC-9FD00E78A296}.Release|Mixed Platforms.Build.0 = Release|Any CPU
		{E10298D8-872D-47EB-BEFC-9FD00E78A296}.Release|x86.ActiveCfg = Release|Any CPU
		{E10298D8-872D-47EB-BEFC-9FD00E78A296}.silverlight_Debug|Any CPU.ActiveCfg = Debug|Any CPU
		{E10298D8-872D-47EB-BEFC-9FD00E78A296}.silverlight_Debug|Any CPU.Build.0 = Debug|Any CPU
		{E10298D8-872D-47EB-BEFC-9FD00E78A296}.silverlight_Debug|Mixed Platforms.ActiveCfg = Debug|Any CPU
		{E10298D8-872D-47EB-BEFC-9FD00E78A296}.silverlight_Debug|Mixed Platforms.Build.0 = Debug|Any CPU
		{E10298D8-872D-47EB-BEFC-9FD00E78A296}.silverlight_Debug|x86.ActiveCfg = Debug|Any CPU
		{E10298D8-872D-47EB-BEFC-9FD00E78A296}.silverlight_Release|Any CPU.ActiveCfg = Release|Any CPU
		{E10298D8-872D-47EB-BEFC-9FD00E78A296}.silverlight_Release|Any CPU.Build.0 = Release|Any CPU
		{E10298D8-872D-47EB-BEFC-9FD00E78A296}.silverlight_Release|Mixed Platforms.ActiveCfg = Release|Any CPU
		{E10298D8-872D-47EB-BEFC-9FD00E78A296}.silverlight_Release|Mixed Platforms.Build.0 = Release|Any CPU
		{E10298D8-872D-47EB-BEFC-9FD00E78A296}.silverlight_Release|x86.ActiveCfg = Release|Any CPU
		{E10298D8-872D-47EB-BEFC-9FD00E78A296}.winphone_Debug|Any CPU.ActiveCfg = Debug|Any CPU
		{E10298D8-872D-47EB-BEFC-9FD00E78A296}.winphone_Debug|Any CPU.Build.0 = Debug|Any CPU
		{E10298D8-872D-47EB-BEFC-9FD00E78A296}.winphone_Debug|Mixed Platforms.ActiveCfg = Debug|Any CPU
		{E10298D8-872D-47EB-BEFC-9FD00E78A296}.winphone_Debug|Mixed Platforms.Build.0 = Debug|Any CPU
		{E10298D8-872D-47EB-BEFC-9FD00E78A296}.winphone_Debug|x86.ActiveCfg = Debug|Any CPU
		{E10298D8-872D-47EB-BEFC-9FD00E78A296}.winphone_Release|Any CPU.ActiveCfg = Release|Any CPU
		{E10298D8-872D-47EB-BEFC-9FD00E78A296}.winphone_Release|Any CPU.Build.0 = Release|Any CPU
		{E10298D8-872D-47EB-BEFC-9FD00E78A296}.winphone_Release|Mixed Platforms.ActiveCfg = Release|Any CPU
		{E10298D8-872D-47EB-BEFC-9FD00E78A296}.winphone_Release|Mixed Platforms.Build.0 = Release|Any CPU
		{E10298D8-872D-47EB-BEFC-9FD00E78A296}.winphone_Release|x86.ActiveCfg = Release|Any CPU
	EndGlobalSection
	GlobalSection(SolutionProperties) = preSolution
		HideSolutionNode = FALSE
	EndGlobalSection
	GlobalSection(NestedProjects) = preSolution
		{697B7F1C-E579-4072-AA60-CD876D223C9A} = {AE72026B-45D0-419C-B251-2C893BD2B82B}
		{3934A2F3-F5CC-4E55-A5A1-0253B1E70886} = {AE72026B-45D0-419C-B251-2C893BD2B82B}
		{12F0A186-267D-460A-9DA0-45A3BB14B03E} = {AE72026B-45D0-419C-B251-2C893BD2B82B}
		{D68133BD-1E63-496E-9EDE-4FBDBF77B486} = {0C9DB5A5-950F-4DE8-862A-25D01D279236}
		{5DEA2811-2FFA-4959-830B-CAD3ACACABEB} = {0C9DB5A5-950F-4DE8-862A-25D01D279236}
		{FBC6DD59-D09D-499C-B03C-99C1C78FF2AC} = {0C9DB5A5-950F-4DE8-862A-25D01D279236}
	EndGlobalSection
EndGlobal
