
Microsoft Visual Studio Solution File, Format Version 11.00
# Visual Studio 2010
Project("{FAE04EC0-301F-11D3-BF4B-00C04F79EFBC}") = "Obfuscator.Renaming", "Obfuscator.Renaming\Obfuscator.Renaming.csproj", "{CB8EE040-0CCE-4863-84C8-FBF63170CAD8}"
EndProject
Project("{FAE04EC0-301F-11D3-BF4B-00C04F79EFBC}") = "Obfuscator.Utils", "Obfuscator.Utils\Obfuscator.Utils.csproj", "{E10298D8-872D-47EB-BEFC-9FD00E78A296}"
EndProject
Project("{FAE04EC0-301F-11D3-BF4B-00C04F79EFBC}") = "Obfuscator.Renaming.Test", "Obfuscator.Renaming.Test\Obfuscator.Renaming.Test.csproj", "{CA415EE7-B9C6-4562-931B-2056F7FA3510}"
EndProject
Project("{2150E333-8FDC-42A3-9474-1A3956D46DE8}") = "ThirdParty", "ThirdParty", "{1875F373-8EAF-4AF0-A748-1706C67A7BE7}"
EndProject
Project("{FAE04EC0-301F-11D3-BF4B-00C04F79EFBC}") = "Mono.Cecil", "ThirdParty\Cecil 1\Mono.Cecil.csproj", "{D68133BD-1E63-496E-9EDE-4FBDBF77B486}"
EndProject
Project("{FAE04EC0-301F-11D3-BF4B-00C04F79EFBC}") = "Mono.Cecil.Rocks", "ThirdParty\Cecil 1\rocks\Mono.Cecil.Rocks.csproj", "{FBC6DD59-D09D-499C-B03C-99C1C78FF2AC}"
EndProject
Project("{2150E333-8FDC-42A3-9474-1A3956D46DE8}") = "TestLibraries", "TestLibraries", "{A3A14D07-8E80-496E-A7DF-DD28545F1D03}"
EndProject
Project("{FAE04EC0-301F-11D3-BF4B-00C04F79EFBC}") = "Obfuscator.Test.SingleClassInheritance", "TestLibraries\Obfuscator.Test.Inheritance\Obfuscator.Test.SingleClassInheritance.csproj", "{CF410D0E-230B-4269-8896-BD353F04C3FA}"
EndProject
Project("{FAE04EC0-301F-11D3-BF4B-00C04F79EFBC}") = "Obfuscator.Test.MultiLevelClassInheritance", "TestLibraries\Obfuscator.Test.MultiLevelClassInheritance\Obfuscator.Test.MultiLevelClassInheritance.csproj", "{53F0D108-645D-4CEC-B750-65C231FE981E}"
EndProject
Project("{FAE04EC0-301F-11D3-BF4B-00C04F79EFBC}") = "Obfuscator.Test.MultipleInterfacesInheritance", "TestLibraries\Obfuscator.Test.MultipleInterfacesInheritance\Obfuscator.Test.MultipleInterfacesInheritance.csproj", "{9B1E54BB-BEC5-494C-863D-D44E700B14AB}"
EndProject
Global
	GlobalSection(SolutionConfigurationPlatforms) = preSolution
		Debug|Any CPU = Debug|Any CPU
		net_2_0_Debug|Any CPU = net_2_0_Debug|Any CPU
		net_2_0_Release|Any CPU = net_2_0_Release|Any CPU
		net_3_5_Debug|Any CPU = net_3_5_Debug|Any CPU
		net_3_5_Release|Any CPU = net_3_5_Release|Any CPU
		net_4_0_Debug|Any CPU = net_4_0_Debug|Any CPU
		net_4_0_Release|Any CPU = net_4_0_Release|Any CPU
		Release|Any CPU = Release|Any CPU
		silverlight_Debug|Any CPU = silverlight_Debug|Any CPU
		silverlight_Release|Any CPU = silverlight_Release|Any CPU
		winphone_Debug|Any CPU = winphone_Debug|Any CPU
		winphone_Release|Any CPU = winphone_Release|Any CPU
	EndGlobalSection
	GlobalSection(ProjectConfigurationPlatforms) = postSolution
		{CB8EE040-0CCE-4863-84C8-FBF63170CAD8}.Debug|Any CPU.ActiveCfg = Debug|Any CPU
		{CB8EE040-0CCE-4863-84C8-FBF63170CAD8}.Debug|Any CPU.Build.0 = Debug|Any CPU
		{CB8EE040-0CCE-4863-84C8-FBF63170CAD8}.net_2_0_Debug|Any CPU.ActiveCfg = Debug|Any CPU
		{CB8EE040-0CCE-4863-84C8-FBF63170CAD8}.net_2_0_Debug|Any CPU.Build.0 = Debug|Any CPU
		{CB8EE040-0CCE-4863-84C8-FBF63170CAD8}.net_2_0_Release|Any CPU.ActiveCfg = Release|Any CPU
		{CB8EE040-0CCE-4863-84C8-FBF63170CAD8}.net_2_0_Release|Any CPU.Build.0 = Release|Any CPU
		{CB8EE040-0CCE-4863-84C8-FBF63170CAD8}.net_3_5_Debug|Any CPU.ActiveCfg = Debug|Any CPU
		{CB8EE040-0CCE-4863-84C8-FBF63170CAD8}.net_3_5_Debug|Any CPU.Build.0 = Debug|Any CPU
		{CB8EE040-0CCE-4863-84C8-FBF63170CAD8}.net_3_5_Release|Any CPU.ActiveCfg = Release|Any CPU
		{CB8EE040-0CCE-4863-84C8-FBF63170CAD8}.net_3_5_Release|Any CPU.Build.0 = Release|Any CPU
		{CB8EE040-0CCE-4863-84C8-FBF63170CAD8}.net_4_0_Debug|Any CPU.ActiveCfg = Debug|Any CPU
		{CB8EE040-0CCE-4863-84C8-FBF63170CAD8}.net_4_0_Debug|Any CPU.Build.0 = Debug|Any CPU
		{CB8EE040-0CCE-4863-84C8-FBF63170CAD8}.net_4_0_Release|Any CPU.ActiveCfg = Release|Any CPU
		{CB8EE040-0CCE-4863-84C8-FBF63170CAD8}.net_4_0_Release|Any CPU.Build.0 = Release|Any CPU
		{CB8EE040-0CCE-4863-84C8-FBF63170CAD8}.Release|Any CPU.ActiveCfg = Release|Any CPU
		{CB8EE040-0CCE-4863-84C8-FBF63170CAD8}.Release|Any CPU.Build.0 = Release|Any CPU
		{CB8EE040-0CCE-4863-84C8-FBF63170CAD8}.silverlight_Debug|Any CPU.ActiveCfg = Debug|Any CPU
		{CB8EE040-0CCE-4863-84C8-FBF63170CAD8}.silverlight_Debug|Any CPU.Build.0 = Debug|Any CPU
		{CB8EE040-0CCE-4863-84C8-FBF63170CAD8}.silverlight_Release|Any CPU.ActiveCfg = Release|Any CPU
		{CB8EE040-0CCE-4863-84C8-FBF63170CAD8}.silverlight_Release|Any CPU.Build.0 = Release|Any CPU
		{CB8EE040-0CCE-4863-84C8-FBF63170CAD8}.winphone_Debug|Any CPU.ActiveCfg = Debug|Any CPU
		{CB8EE040-0CCE-4863-84C8-FBF63170CAD8}.winphone_Debug|Any CPU.Build.0 = Debug|Any CPU
		{CB8EE040-0CCE-4863-84C8-FBF63170CAD8}.winphone_Release|Any CPU.ActiveCfg = Release|Any CPU
		{CB8EE040-0CCE-4863-84C8-FBF63170CAD8}.winphone_Release|Any CPU.Build.0 = Release|Any CPU
		{E10298D8-872D-47EB-BEFC-9FD00E78A296}.Debug|Any CPU.ActiveCfg = Debug|Any CPU
		{E10298D8-872D-47EB-BEFC-9FD00E78A296}.Debug|Any CPU.Build.0 = Debug|Any CPU
		{E10298D8-872D-47EB-BEFC-9FD00E78A296}.net_2_0_Debug|Any CPU.ActiveCfg = Debug|Any CPU
		{E10298D8-872D-47EB-BEFC-9FD00E78A296}.net_2_0_Debug|Any CPU.Build.0 = Debug|Any CPU
		{E10298D8-872D-47EB-BEFC-9FD00E78A296}.net_2_0_Release|Any CPU.ActiveCfg = Release|Any CPU
		{E10298D8-872D-47EB-BEFC-9FD00E78A296}.net_2_0_Release|Any CPU.Build.0 = Release|Any CPU
		{E10298D8-872D-47EB-BEFC-9FD00E78A296}.net_3_5_Debug|Any CPU.ActiveCfg = Debug|Any CPU
		{E10298D8-872D-47EB-BEFC-9FD00E78A296}.net_3_5_Debug|Any CPU.Build.0 = Debug|Any CPU
		{E10298D8-872D-47EB-BEFC-9FD00E78A296}.net_3_5_Release|Any CPU.ActiveCfg = Release|Any CPU
		{E10298D8-872D-47EB-BEFC-9FD00E78A296}.net_3_5_Release|Any CPU.Build.0 = Release|Any CPU
		{E10298D8-872D-47EB-BEFC-9FD00E78A296}.net_4_0_Debug|Any CPU.ActiveCfg = Debug|Any CPU
		{E10298D8-872D-47EB-BEFC-9FD00E78A296}.net_4_0_Debug|Any CPU.Build.0 = Debug|Any CPU
		{E10298D8-872D-47EB-BEFC-9FD00E78A296}.net_4_0_Release|Any CPU.ActiveCfg = Release|Any CPU
		{E10298D8-872D-47EB-BEFC-9FD00E78A296}.net_4_0_Release|Any CPU.Build.0 = Release|Any CPU
		{E10298D8-872D-47EB-BEFC-9FD00E78A296}.Release|Any CPU.ActiveCfg = Release|Any CPU
		{E10298D8-872D-47EB-BEFC-9FD00E78A296}.Release|Any CPU.Build.0 = Release|Any CPU
		{E10298D8-872D-47EB-BEFC-9FD00E78A296}.silverlight_Debug|Any CPU.ActiveCfg = Debug|Any CPU
		{E10298D8-872D-47EB-BEFC-9FD00E78A296}.silverlight_Debug|Any CPU.Build.0 = Debug|Any CPU
		{E10298D8-872D-47EB-BEFC-9FD00E78A296}.silverlight_Release|Any CPU.ActiveCfg = Release|Any CPU
		{E10298D8-872D-47EB-BEFC-9FD00E78A296}.silverlight_Release|Any CPU.Build.0 = Release|Any CPU
		{E10298D8-872D-47EB-BEFC-9FD00E78A296}.winphone_Debug|Any CPU.ActiveCfg = Debug|Any CPU
		{E10298D8-872D-47EB-BEFC-9FD00E78A296}.winphone_Debug|Any CPU.Build.0 = Debug|Any CPU
		{E10298D8-872D-47EB-BEFC-9FD00E78A296}.winphone_Release|Any CPU.ActiveCfg = Release|Any CPU
		{E10298D8-872D-47EB-BEFC-9FD00E78A296}.winphone_Release|Any CPU.Build.0 = Release|Any CPU
		{CA415EE7-B9C6-4562-931B-2056F7FA3510}.Debug|Any CPU.ActiveCfg = Debug|Any CPU
		{CA415EE7-B9C6-4562-931B-2056F7FA3510}.Debug|Any CPU.Build.0 = Debug|Any CPU
		{CA415EE7-B9C6-4562-931B-2056F7FA3510}.net_2_0_Debug|Any CPU.ActiveCfg = Debug|Any CPU
		{CA415EE7-B9C6-4562-931B-2056F7FA3510}.net_2_0_Debug|Any CPU.Build.0 = Debug|Any CPU
		{CA415EE7-B9C6-4562-931B-2056F7FA3510}.net_2_0_Release|Any CPU.ActiveCfg = Release|Any CPU
		{CA415EE7-B9C6-4562-931B-2056F7FA3510}.net_2_0_Release|Any CPU.Build.0 = Release|Any CPU
		{CA415EE7-B9C6-4562-931B-2056F7FA3510}.net_3_5_Debug|Any CPU.ActiveCfg = Debug|Any CPU
		{CA415EE7-B9C6-4562-931B-2056F7FA3510}.net_3_5_Debug|Any CPU.Build.0 = Debug|Any CPU
		{CA415EE7-B9C6-4562-931B-2056F7FA3510}.net_3_5_Release|Any CPU.ActiveCfg = Release|Any CPU
		{CA415EE7-B9C6-4562-931B-2056F7FA3510}.net_3_5_Release|Any CPU.Build.0 = Release|Any CPU
		{CA415EE7-B9C6-4562-931B-2056F7FA3510}.net_4_0_Debug|Any CPU.ActiveCfg = Debug|Any CPU
		{CA415EE7-B9C6-4562-931B-2056F7FA3510}.net_4_0_Debug|Any CPU.Build.0 = Debug|Any CPU
		{CA415EE7-B9C6-4562-931B-2056F7FA3510}.net_4_0_Release|Any CPU.ActiveCfg = Release|Any CPU
		{CA415EE7-B9C6-4562-931B-2056F7FA3510}.net_4_0_Release|Any CPU.Build.0 = Release|Any CPU
		{CA415EE7-B9C6-4562-931B-2056F7FA3510}.Release|Any CPU.ActiveCfg = Release|Any CPU
		{CA415EE7-B9C6-4562-931B-2056F7FA3510}.Release|Any CPU.Build.0 = Release|Any CPU
		{CA415EE7-B9C6-4562-931B-2056F7FA3510}.silverlight_Debug|Any CPU.ActiveCfg = Debug|Any CPU
		{CA415EE7-B9C6-4562-931B-2056F7FA3510}.silverlight_Debug|Any CPU.Build.0 = Debug|Any CPU
		{CA415EE7-B9C6-4562-931B-2056F7FA3510}.silverlight_Release|Any CPU.ActiveCfg = Release|Any CPU
		{CA415EE7-B9C6-4562-931B-2056F7FA3510}.silverlight_Release|Any CPU.Build.0 = Release|Any CPU
		{CA415EE7-B9C6-4562-931B-2056F7FA3510}.winphone_Debug|Any CPU.ActiveCfg = Debug|Any CPU
		{CA415EE7-B9C6-4562-931B-2056F7FA3510}.winphone_Debug|Any CPU.Build.0 = Debug|Any CPU
		{CA415EE7-B9C6-4562-931B-2056F7FA3510}.winphone_Release|Any CPU.ActiveCfg = Release|Any CPU
		{CA415EE7-B9C6-4562-931B-2056F7FA3510}.winphone_Release|Any CPU.Build.0 = Release|Any CPU
		{D68133BD-1E63-496E-9EDE-4FBDBF77B486}.Debug|Any CPU.ActiveCfg = winphone_Debug|Any CPU
		{D68133BD-1E63-496E-9EDE-4FBDBF77B486}.Debug|Any CPU.Build.0 = winphone_Debug|Any CPU
		{D68133BD-1E63-496E-9EDE-4FBDBF77B486}.net_2_0_Debug|Any CPU.ActiveCfg = net_2_0_Debug|Any CPU
		{D68133BD-1E63-496E-9EDE-4FBDBF77B486}.net_2_0_Debug|Any CPU.Build.0 = net_2_0_Debug|Any CPU
		{D68133BD-1E63-496E-9EDE-4FBDBF77B486}.net_2_0_Release|Any CPU.ActiveCfg = net_2_0_Release|Any CPU
		{D68133BD-1E63-496E-9EDE-4FBDBF77B486}.net_2_0_Release|Any CPU.Build.0 = net_2_0_Release|Any CPU
		{D68133BD-1E63-496E-9EDE-4FBDBF77B486}.net_3_5_Debug|Any CPU.ActiveCfg = net_3_5_Debug|Any CPU
		{D68133BD-1E63-496E-9EDE-4FBDBF77B486}.net_3_5_Debug|Any CPU.Build.0 = net_3_5_Debug|Any CPU
		{D68133BD-1E63-496E-9EDE-4FBDBF77B486}.net_3_5_Release|Any CPU.ActiveCfg = net_3_5_Release|Any CPU
		{D68133BD-1E63-496E-9EDE-4FBDBF77B486}.net_3_5_Release|Any CPU.Build.0 = net_3_5_Release|Any CPU
		{D68133BD-1E63-496E-9EDE-4FBDBF77B486}.net_4_0_Debug|Any CPU.ActiveCfg = net_4_0_Debug|Any CPU
		{D68133BD-1E63-496E-9EDE-4FBDBF77B486}.net_4_0_Debug|Any CPU.Build.0 = net_4_0_Debug|Any CPU
		{D68133BD-1E63-496E-9EDE-4FBDBF77B486}.net_4_0_Release|Any CPU.ActiveCfg = net_4_0_Release|Any CPU
		{D68133BD-1E63-496E-9EDE-4FBDBF77B486}.net_4_0_Release|Any CPU.Build.0 = net_4_0_Release|Any CPU
		{D68133BD-1E63-496E-9EDE-4FBDBF77B486}.Release|Any CPU.ActiveCfg = winphone_Release|Any CPU
		{D68133BD-1E63-496E-9EDE-4FBDBF77B486}.Release|Any CPU.Build.0 = winphone_Release|Any CPU
		{D68133BD-1E63-496E-9EDE-4FBDBF77B486}.silverlight_Debug|Any CPU.ActiveCfg = silverlight_Debug|Any CPU
		{D68133BD-1E63-496E-9EDE-4FBDBF77B486}.silverlight_Debug|Any CPU.Build.0 = silverlight_Debug|Any CPU
		{D68133BD-1E63-496E-9EDE-4FBDBF77B486}.silverlight_Release|Any CPU.ActiveCfg = silverlight_Release|Any CPU
		{D68133BD-1E63-496E-9EDE-4FBDBF77B486}.silverlight_Release|Any CPU.Build.0 = silverlight_Release|Any CPU
		{D68133BD-1E63-496E-9EDE-4FBDBF77B486}.winphone_Debug|Any CPU.ActiveCfg = winphone_Debug|Any CPU
		{D68133BD-1E63-496E-9EDE-4FBDBF77B486}.winphone_Debug|Any CPU.Build.0 = winphone_Debug|Any CPU
		{D68133BD-1E63-496E-9EDE-4FBDBF77B486}.winphone_Release|Any CPU.ActiveCfg = winphone_Release|Any CPU
		{D68133BD-1E63-496E-9EDE-4FBDBF77B486}.winphone_Release|Any CPU.Build.0 = winphone_Release|Any CPU
		{FBC6DD59-D09D-499C-B03C-99C1C78FF2AC}.Debug|Any CPU.ActiveCfg = winphone_Debug|Any CPU
		{FBC6DD59-D09D-499C-B03C-99C1C78FF2AC}.Debug|Any CPU.Build.0 = winphone_Debug|Any CPU
		{FBC6DD59-D09D-499C-B03C-99C1C78FF2AC}.net_2_0_Debug|Any CPU.ActiveCfg = net_4_0_Release|Any CPU
		{FBC6DD59-D09D-499C-B03C-99C1C78FF2AC}.net_2_0_Debug|Any CPU.Build.0 = net_4_0_Release|Any CPU
		{FBC6DD59-D09D-499C-B03C-99C1C78FF2AC}.net_2_0_Release|Any CPU.ActiveCfg = net_4_0_Release|Any CPU
		{FBC6DD59-D09D-499C-B03C-99C1C78FF2AC}.net_2_0_Release|Any CPU.Build.0 = net_4_0_Release|Any CPU
		{FBC6DD59-D09D-499C-B03C-99C1C78FF2AC}.net_3_5_Debug|Any CPU.ActiveCfg = net_3_5_Debug|Any CPU
		{FBC6DD59-D09D-499C-B03C-99C1C78FF2AC}.net_3_5_Debug|Any CPU.Build.0 = net_3_5_Debug|Any CPU
		{FBC6DD59-D09D-499C-B03C-99C1C78FF2AC}.net_3_5_Release|Any CPU.ActiveCfg = net_3_5_Release|Any CPU
		{FBC6DD59-D09D-499C-B03C-99C1C78FF2AC}.net_3_5_Release|Any CPU.Build.0 = net_3_5_Release|Any CPU
		{FBC6DD59-D09D-499C-B03C-99C1C78FF2AC}.net_4_0_Debug|Any CPU.ActiveCfg = net_4_0_Debug|Any CPU
		{FBC6DD59-D09D-499C-B03C-99C1C78FF2AC}.net_4_0_Debug|Any CPU.Build.0 = net_4_0_Debug|Any CPU
		{FBC6DD59-D09D-499C-B03C-99C1C78FF2AC}.net_4_0_Release|Any CPU.ActiveCfg = net_4_0_Release|Any CPU
		{FBC6DD59-D09D-499C-B03C-99C1C78FF2AC}.net_4_0_Release|Any CPU.Build.0 = net_4_0_Release|Any CPU
		{FBC6DD59-D09D-499C-B03C-99C1C78FF2AC}.Release|Any CPU.ActiveCfg = winphone_Release|Any CPU
		{FBC6DD59-D09D-499C-B03C-99C1C78FF2AC}.Release|Any CPU.Build.0 = winphone_Release|Any CPU
		{FBC6DD59-D09D-499C-B03C-99C1C78FF2AC}.silverlight_Debug|Any CPU.ActiveCfg = silverlight_Debug|Any CPU
		{FBC6DD59-D09D-499C-B03C-99C1C78FF2AC}.silverlight_Debug|Any CPU.Build.0 = silverlight_Debug|Any CPU
		{FBC6DD59-D09D-499C-B03C-99C1C78FF2AC}.silverlight_Release|Any CPU.ActiveCfg = silverlight_Release|Any CPU
		{FBC6DD59-D09D-499C-B03C-99C1C78FF2AC}.silverlight_Release|Any CPU.Build.0 = silverlight_Release|Any CPU
		{FBC6DD59-D09D-499C-B03C-99C1C78FF2AC}.winphone_Debug|Any CPU.ActiveCfg = winphone_Debug|Any CPU
		{FBC6DD59-D09D-499C-B03C-99C1C78FF2AC}.winphone_Debug|Any CPU.Build.0 = winphone_Debug|Any CPU
		{FBC6DD59-D09D-499C-B03C-99C1C78FF2AC}.winphone_Release|Any CPU.ActiveCfg = winphone_Release|Any CPU
		{FBC6DD59-D09D-499C-B03C-99C1C78FF2AC}.winphone_Release|Any CPU.Build.0 = winphone_Release|Any CPU
		{CF410D0E-230B-4269-8896-BD353F04C3FA}.Debug|Any CPU.ActiveCfg = Debug|Any CPU
		{CF410D0E-230B-4269-8896-BD353F04C3FA}.Debug|Any CPU.Build.0 = Debug|Any CPU
		{CF410D0E-230B-4269-8896-BD353F04C3FA}.net_2_0_Debug|Any CPU.ActiveCfg = Debug|Any CPU
		{CF410D0E-230B-4269-8896-BD353F04C3FA}.net_2_0_Debug|Any CPU.Build.0 = Debug|Any CPU
		{CF410D0E-230B-4269-8896-BD353F04C3FA}.net_2_0_Release|Any CPU.ActiveCfg = Release|Any CPU
		{CF410D0E-230B-4269-8896-BD353F04C3FA}.net_2_0_Release|Any CPU.Build.0 = Release|Any CPU
		{CF410D0E-230B-4269-8896-BD353F04C3FA}.net_3_5_Debug|Any CPU.ActiveCfg = Debug|Any CPU
		{CF410D0E-230B-4269-8896-BD353F04C3FA}.net_3_5_Debug|Any CPU.Build.0 = Debug|Any CPU
		{CF410D0E-230B-4269-8896-BD353F04C3FA}.net_3_5_Release|Any CPU.ActiveCfg = Release|Any CPU
		{CF410D0E-230B-4269-8896-BD353F04C3FA}.net_3_5_Release|Any CPU.Build.0 = Release|Any CPU
		{CF410D0E-230B-4269-8896-BD353F04C3FA}.net_4_0_Debug|Any CPU.ActiveCfg = Debug|Any CPU
		{CF410D0E-230B-4269-8896-BD353F04C3FA}.net_4_0_Debug|Any CPU.Build.0 = Debug|Any CPU
		{CF410D0E-230B-4269-8896-BD353F04C3FA}.net_4_0_Release|Any CPU.ActiveCfg = Release|Any CPU
		{CF410D0E-230B-4269-8896-BD353F04C3FA}.net_4_0_Release|Any CPU.Build.0 = Release|Any CPU
		{CF410D0E-230B-4269-8896-BD353F04C3FA}.Release|Any CPU.ActiveCfg = Release|Any CPU
		{CF410D0E-230B-4269-8896-BD353F04C3FA}.Release|Any CPU.Build.0 = Release|Any CPU
		{CF410D0E-230B-4269-8896-BD353F04C3FA}.silverlight_Debug|Any CPU.ActiveCfg = Debug|Any CPU
		{CF410D0E-230B-4269-8896-BD353F04C3FA}.silverlight_Debug|Any CPU.Build.0 = Debug|Any CPU
		{CF410D0E-230B-4269-8896-BD353F04C3FA}.silverlight_Release|Any CPU.ActiveCfg = Release|Any CPU
		{CF410D0E-230B-4269-8896-BD353F04C3FA}.silverlight_Release|Any CPU.Build.0 = Release|Any CPU
		{CF410D0E-230B-4269-8896-BD353F04C3FA}.winphone_Debug|Any CPU.ActiveCfg = Debug|Any CPU
		{CF410D0E-230B-4269-8896-BD353F04C3FA}.winphone_Debug|Any CPU.Build.0 = Debug|Any CPU
		{CF410D0E-230B-4269-8896-BD353F04C3FA}.winphone_Release|Any CPU.ActiveCfg = Release|Any CPU
		{CF410D0E-230B-4269-8896-BD353F04C3FA}.winphone_Release|Any CPU.Build.0 = Release|Any CPU
		{53F0D108-645D-4CEC-B750-65C231FE981E}.Debug|Any CPU.ActiveCfg = Debug|Any CPU
		{53F0D108-645D-4CEC-B750-65C231FE981E}.Debug|Any CPU.Build.0 = Debug|Any CPU
		{53F0D108-645D-4CEC-B750-65C231FE981E}.net_2_0_Debug|Any CPU.ActiveCfg = Debug|Any CPU
		{53F0D108-645D-4CEC-B750-65C231FE981E}.net_2_0_Debug|Any CPU.Build.0 = Debug|Any CPU
		{53F0D108-645D-4CEC-B750-65C231FE981E}.net_2_0_Release|Any CPU.ActiveCfg = Release|Any CPU
		{53F0D108-645D-4CEC-B750-65C231FE981E}.net_2_0_Release|Any CPU.Build.0 = Release|Any CPU
		{53F0D108-645D-4CEC-B750-65C231FE981E}.net_3_5_Debug|Any CPU.ActiveCfg = Debug|Any CPU
		{53F0D108-645D-4CEC-B750-65C231FE981E}.net_3_5_Debug|Any CPU.Build.0 = Debug|Any CPU
		{53F0D108-645D-4CEC-B750-65C231FE981E}.net_3_5_Release|Any CPU.ActiveCfg = Release|Any CPU
		{53F0D108-645D-4CEC-B750-65C231FE981E}.net_3_5_Release|Any CPU.Build.0 = Release|Any CPU
		{53F0D108-645D-4CEC-B750-65C231FE981E}.net_4_0_Debug|Any CPU.ActiveCfg = Debug|Any CPU
		{53F0D108-645D-4CEC-B750-65C231FE981E}.net_4_0_Debug|Any CPU.Build.0 = Debug|Any CPU
		{53F0D108-645D-4CEC-B750-65C231FE981E}.net_4_0_Release|Any CPU.ActiveCfg = Release|Any CPU
		{53F0D108-645D-4CEC-B750-65C231FE981E}.net_4_0_Release|Any CPU.Build.0 = Release|Any CPU
		{53F0D108-645D-4CEC-B750-65C231FE981E}.Release|Any CPU.ActiveCfg = Release|Any CPU
		{53F0D108-645D-4CEC-B750-65C231FE981E}.Release|Any CPU.Build.0 = Release|Any CPU
		{53F0D108-645D-4CEC-B750-65C231FE981E}.silverlight_Debug|Any CPU.ActiveCfg = Debug|Any CPU
		{53F0D108-645D-4CEC-B750-65C231FE981E}.silverlight_Debug|Any CPU.Build.0 = Debug|Any CPU
		{53F0D108-645D-4CEC-B750-65C231FE981E}.silverlight_Release|Any CPU.ActiveCfg = Release|Any CPU
		{53F0D108-645D-4CEC-B750-65C231FE981E}.silverlight_Release|Any CPU.Build.0 = Release|Any CPU
		{53F0D108-645D-4CEC-B750-65C231FE981E}.winphone_Debug|Any CPU.ActiveCfg = Debug|Any CPU
		{53F0D108-645D-4CEC-B750-65C231FE981E}.winphone_Debug|Any CPU.Build.0 = Debug|Any CPU
		{53F0D108-645D-4CEC-B750-65C231FE981E}.winphone_Release|Any CPU.ActiveCfg = Release|Any CPU
		{53F0D108-645D-4CEC-B750-65C231FE981E}.winphone_Release|Any CPU.Build.0 = Release|Any CPU
		{9B1E54BB-BEC5-494C-863D-D44E700B14AB}.Debug|Any CPU.ActiveCfg = Debug|Any CPU
		{9B1E54BB-BEC5-494C-863D-D44E700B14AB}.Debug|Any CPU.Build.0 = Debug|Any CPU
		{9B1E54BB-BEC5-494C-863D-D44E700B14AB}.net_2_0_Debug|Any CPU.ActiveCfg = Debug|Any CPU
		{9B1E54BB-BEC5-494C-863D-D44E700B14AB}.net_2_0_Debug|Any CPU.Build.0 = Debug|Any CPU
		{9B1E54BB-BEC5-494C-863D-D44E700B14AB}.net_2_0_Release|Any CPU.ActiveCfg = Release|Any CPU
		{9B1E54BB-BEC5-494C-863D-D44E700B14AB}.net_2_0_Release|Any CPU.Build.0 = Release|Any CPU
		{9B1E54BB-BEC5-494C-863D-D44E700B14AB}.net_3_5_Debug|Any CPU.ActiveCfg = Debug|Any CPU
		{9B1E54BB-BEC5-494C-863D-D44E700B14AB}.net_3_5_Debug|Any CPU.Build.0 = Debug|Any CPU
		{9B1E54BB-BEC5-494C-863D-D44E700B14AB}.net_3_5_Release|Any CPU.ActiveCfg = Release|Any CPU
		{9B1E54BB-BEC5-494C-863D-D44E700B14AB}.net_3_5_Release|Any CPU.Build.0 = Release|Any CPU
		{9B1E54BB-BEC5-494C-863D-D44E700B14AB}.net_4_0_Debug|Any CPU.ActiveCfg = Debug|Any CPU
		{9B1E54BB-BEC5-494C-863D-D44E700B14AB}.net_4_0_Debug|Any CPU.Build.0 = Debug|Any CPU
		{9B1E54BB-BEC5-494C-863D-D44E700B14AB}.net_4_0_Release|Any CPU.ActiveCfg = Release|Any CPU
		{9B1E54BB-BEC5-494C-863D-D44E700B14AB}.net_4_0_Release|Any CPU.Build.0 = Release|Any CPU
		{9B1E54BB-BEC5-494C-863D-D44E700B14AB}.Release|Any CPU.ActiveCfg = Release|Any CPU
		{9B1E54BB-BEC5-494C-863D-D44E700B14AB}.Release|Any CPU.Build.0 = Release|Any CPU
		{9B1E54BB-BEC5-494C-863D-D44E700B14AB}.silverlight_Debug|Any CPU.ActiveCfg = Debug|Any CPU
		{9B1E54BB-BEC5-494C-863D-D44E700B14AB}.silverlight_Debug|Any CPU.Build.0 = Debug|Any CPU
		{9B1E54BB-BEC5-494C-863D-D44E700B14AB}.silverlight_Release|Any CPU.ActiveCfg = Release|Any CPU
		{9B1E54BB-BEC5-494C-863D-D44E700B14AB}.silverlight_Release|Any CPU.Build.0 = Release|Any CPU
		{9B1E54BB-BEC5-494C-863D-D44E700B14AB}.winphone_Debug|Any CPU.ActiveCfg = Debug|Any CPU
		{9B1E54BB-BEC5-494C-863D-D44E700B14AB}.winphone_Debug|Any CPU.Build.0 = Debug|Any CPU
		{9B1E54BB-BEC5-494C-863D-D44E700B14AB}.winphone_Release|Any CPU.ActiveCfg = Release|Any CPU
		{9B1E54BB-BEC5-494C-863D-D44E700B14AB}.winphone_Release|Any CPU.Build.0 = Release|Any CPU
	EndGlobalSection
	GlobalSection(SolutionProperties) = preSolution
		HideSolutionNode = FALSE
	EndGlobalSection
	GlobalSection(NestedProjects) = preSolution
		{D68133BD-1E63-496E-9EDE-4FBDBF77B486} = {1875F373-8EAF-4AF0-A748-1706C67A7BE7}
		{FBC6DD59-D09D-499C-B03C-99C1C78FF2AC} = {1875F373-8EAF-4AF0-A748-1706C67A7BE7}
		{CF410D0E-230B-4269-8896-BD353F04C3FA} = {A3A14D07-8E80-496E-A7DF-DD28545F1D03}
		{53F0D108-645D-4CEC-B750-65C231FE981E} = {A3A14D07-8E80-496E-A7DF-DD28545F1D03}
		{9B1E54BB-BEC5-494C-863D-D44E700B14AB} = {A3A14D07-8E80-496E-A7DF-DD28545F1D03}
	EndGlobalSection
EndGlobal
